// !$*UTF8*$!
{
	archiveVersion = 1;
	classes = {
	};
	objectVersion = 54;
	objects = {

/* Begin PBXBuildFile section */
		DC0CCF6E25F02FA9008EB297 /* NSView+FindViews.swift in Sources */ = {isa = PBXBuildFile; fileRef = DC0CCF6925F02F91008EB297 /* NSView+FindViews.swift */; };
		DC0CCF7D25F0306A008EB297 /* View+toggleSidebar.swift in Sources */ = {isa = PBXBuildFile; fileRef = DC0CCF7525F03052008EB297 /* View+toggleSidebar.swift */; };
		DC23286D2522725A00DB6145 /* InsightView.swift in Sources */ = {isa = PBXBuildFile; fileRef = DC23286C2522725A00DB6145 /* InsightView.swift */; };
		DC23286E2522725A00DB6145 /* InsightView.swift in Sources */ = {isa = PBXBuildFile; fileRef = DC23286C2522725A00DB6145 /* InsightView.swift */; };
		DC24DF3325DD54090003ADCB /* AppInfoView.swift in Sources */ = {isa = PBXBuildFile; fileRef = DC24DF3225DD54090003ADCB /* AppInfoView.swift */; };
		DC24DF3425DD54090003ADCB /* AppInfoView.swift in Sources */ = {isa = PBXBuildFile; fileRef = DC24DF3225DD54090003ADCB /* AppInfoView.swift */; };
		DC24DF3925DD54780003ADCB /* LeftSidebarView.swift in Sources */ = {isa = PBXBuildFile; fileRef = DC24DF3825DD54780003ADCB /* LeftSidebarView.swift */; };
		DC24DF3A25DD54780003ADCB /* LeftSidebarView.swift in Sources */ = {isa = PBXBuildFile; fileRef = DC24DF3825DD54780003ADCB /* LeftSidebarView.swift */; };
		DC24DF4625DD54D90003ADCB /* AppRootViewMacOS.swift in Sources */ = {isa = PBXBuildFile; fileRef = DC24DF4425DD54D90003ADCB /* AppRootViewMacOS.swift */; };
		DC24DF4E25DD58A80003ADCB /* InsightGroupView.swift in Sources */ = {isa = PBXBuildFile; fileRef = DC24DF4D25DD58A80003ADCB /* InsightGroupView.swift */; };
		DC24DF4F25DD58A80003ADCB /* InsightGroupView.swift in Sources */ = {isa = PBXBuildFile; fileRef = DC24DF4D25DD58A80003ADCB /* InsightGroupView.swift */; };
		DC24DF6625DD73990003ADCB /* AppRootViewIOS.swift in Sources */ = {isa = PBXBuildFile; fileRef = DC24DF6525DD73990003ADCB /* AppRootViewIOS.swift */; };
		DC25A573256A87D600EE84DA /* Color.swift in Sources */ = {isa = PBXBuildFile; fileRef = DC415C0D2531F6C300D8D0B1 /* Color.swift */; };
		DC25A577256BBCF700EE84DA /* APIRepresentative.swift in Sources */ = {isa = PBXBuildFile; fileRef = DCB02B7B25038F4600304964 /* APIRepresentative.swift */; };
		DC25A57B256BBD5800EE84DA /* JSONDecoder.swift in Sources */ = {isa = PBXBuildFile; fileRef = DC7C540B250FB0BA0027D6A5 /* JSONDecoder.swift */; };
		DC25A582256BC3AD00EE84DA /* Formatter+ISO.swift in Sources */ = {isa = PBXBuildFile; fileRef = DCCD4818253D9E870098EC95 /* Formatter+ISO.swift */; };
		DC25A58D256BF1D800EE84DA /* BarChartView.swift in Sources */ = {isa = PBXBuildFile; fileRef = DC25A58C256BF1D800EE84DA /* BarChartView.swift */; };
		DC25A58E256BF1D800EE84DA /* BarChartView.swift in Sources */ = {isa = PBXBuildFile; fileRef = DC25A58C256BF1D800EE84DA /* BarChartView.swift */; };
		DC25A58F256BF1D800EE84DA /* BarChartView.swift in Sources */ = {isa = PBXBuildFile; fileRef = DC25A58C256BF1D800EE84DA /* BarChartView.swift */; };
		DC25A59F256C0AE400EE84DA /* RawChartView.swift in Sources */ = {isa = PBXBuildFile; fileRef = DC83C858256A857300FCF2A1 /* RawChartView.swift */; };
		DC25A5A3256C0AFE00EE84DA /* RoundedCorners.swift in Sources */ = {isa = PBXBuildFile; fileRef = DC4E2F6C25641BF1001AD7B4 /* RoundedCorners.swift */; };
		DC25A5A7256C0B1B00EE84DA /* Numbers+Bound.swift in Sources */ = {isa = PBXBuildFile; fileRef = DCDC6F12253EECA90012D9A7 /* Numbers+Bound.swift */; };
		DC25A5AC256C0C2000EE84DA /* ChartBottomView.swift in Sources */ = {isa = PBXBuildFile; fileRef = DC25A5AB256C0C2000EE84DA /* ChartBottomView.swift */; };
		DC25A5AD256C0C2000EE84DA /* ChartBottomView.swift in Sources */ = {isa = PBXBuildFile; fileRef = DC25A5AB256C0C2000EE84DA /* ChartBottomView.swift */; };
		DC25A5AE256C0C2000EE84DA /* ChartBottomView.swift in Sources */ = {isa = PBXBuildFile; fileRef = DC25A5AB256C0C2000EE84DA /* ChartBottomView.swift */; };
		DC25A5E0256D844300EE84DA /* DetailSidebar.swift in Sources */ = {isa = PBXBuildFile; fileRef = DC25A5DF256D844300EE84DA /* DetailSidebar.swift */; };
		DC25A5E1256D844300EE84DA /* DetailSidebar.swift in Sources */ = {isa = PBXBuildFile; fileRef = DC25A5DF256D844300EE84DA /* DetailSidebar.swift */; };
		DC25A63A256ED03500EE84DA /* Binding+OnUpdate.swift in Sources */ = {isa = PBXBuildFile; fileRef = DC25A639256ED03500EE84DA /* Binding+OnUpdate.swift */; };
		DC25A63B256ED03500EE84DA /* Binding+OnUpdate.swift in Sources */ = {isa = PBXBuildFile; fileRef = DC25A639256ED03500EE84DA /* Binding+OnUpdate.swift */; };
		DC25A640256ED12100EE84DA /* InsightGroupEditor.swift in Sources */ = {isa = PBXBuildFile; fileRef = DC25A63F256ED12100EE84DA /* InsightGroupEditor.swift */; };
		DC25A641256ED12100EE84DA /* InsightGroupEditor.swift in Sources */ = {isa = PBXBuildFile; fileRef = DC25A63F256ED12100EE84DA /* InsightGroupEditor.swift */; };
		DC25A6492570108E00EE84DA /* InsightEditor.swift in Sources */ = {isa = PBXBuildFile; fileRef = DC25A6482570108E00EE84DA /* InsightEditor.swift */; };
		DC25A64A2570108E00EE84DA /* InsightEditor.swift in Sources */ = {isa = PBXBuildFile; fileRef = DC25A6482570108E00EE84DA /* InsightEditor.swift */; };
		DC25A64F2571680900EE84DA /* CustomSection.swift in Sources */ = {isa = PBXBuildFile; fileRef = DC25A64E2571680900EE84DA /* CustomSection.swift */; };
		DC25A6502571680900EE84DA /* CustomSection.swift in Sources */ = {isa = PBXBuildFile; fileRef = DC25A64E2571680900EE84DA /* CustomSection.swift */; };
		DC340E602531C23800514FD6 /* InsightDetailView.swift in Sources */ = {isa = PBXBuildFile; fileRef = DC340E5D2531C23800514FD6 /* InsightDetailView.swift */; };
		DC3472EB258A720500BEEDE0 /* AppUpdater.swift in Sources */ = {isa = PBXBuildFile; fileRef = DC7DEEAB258A3B9B00BEA712 /* AppUpdater.swift */; };
		DC347302258D026E00BEEDE0 /* DebugView.swift in Sources */ = {isa = PBXBuildFile; fileRef = DC347301258D026E00BEEDE0 /* DebugView.swift */; };
		DC347303258D026E00BEEDE0 /* DebugView.swift in Sources */ = {isa = PBXBuildFile; fileRef = DC347301258D026E00BEEDE0 /* DebugView.swift */; };
		DC415C0E2531F6C300D8D0B1 /* Color.swift in Sources */ = {isa = PBXBuildFile; fileRef = DC415C0D2531F6C300D8D0B1 /* Color.swift */; };
		DC415C0F2531F6C300D8D0B1 /* Color.swift in Sources */ = {isa = PBXBuildFile; fileRef = DC415C0D2531F6C300D8D0B1 /* Color.swift */; };
		DC4504FA25C4940E0031C7FD /* BigNumberFormatter.swift in Sources */ = {isa = PBXBuildFile; fileRef = DC4504F925C4940E0031C7FD /* BigNumberFormatter.swift */; };
		DC4504FB25C4940E0031C7FD /* BigNumberFormatter.swift in Sources */ = {isa = PBXBuildFile; fileRef = DC4504F925C4940E0031C7FD /* BigNumberFormatter.swift */; };
		DC4504FC25C4940E0031C7FD /* BigNumberFormatter.swift in Sources */ = {isa = PBXBuildFile; fileRef = DC4504F925C4940E0031C7FD /* BigNumberFormatter.swift */; };
		DC45BAEE24DFF895004E6392 /* Models.swift in Sources */ = {isa = PBXBuildFile; fileRef = DC45BAED24DFF895004E6392 /* Models.swift */; };
		DC45BAEF24DFF895004E6392 /* Models.swift in Sources */ = {isa = PBXBuildFile; fileRef = DC45BAED24DFF895004E6392 /* Models.swift */; };
		DC45BB1724DFFB19004E6392 /* RegisterView.swift in Sources */ = {isa = PBXBuildFile; fileRef = DCA10F7A24DA722700A62C26 /* RegisterView.swift */; };
		DC45BB1A24E1F01F004E6392 /* OldSidebarView.swift in Sources */ = {isa = PBXBuildFile; fileRef = DC45BB1824E1F01F004E6392 /* OldSidebarView.swift */; };
		DC45BB1C24E27F12004E6392 /* SignalView.swift in Sources */ = {isa = PBXBuildFile; fileRef = DC45BB1B24E27F12004E6392 /* SignalView.swift */; };
		DC45BB1D24E27F12004E6392 /* SignalView.swift in Sources */ = {isa = PBXBuildFile; fileRef = DC45BB1B24E27F12004E6392 /* SignalView.swift */; };
		DC4E2F552563292C001AD7B4 /* SingleKeyValueView.swift in Sources */ = {isa = PBXBuildFile; fileRef = DC4E2F542563290F001AD7B4 /* SingleKeyValueView.swift */; };
		DC4E2F592563292D001AD7B4 /* SingleKeyValueView.swift in Sources */ = {isa = PBXBuildFile; fileRef = DC4E2F542563290F001AD7B4 /* SingleKeyValueView.swift */; };
		DC4E2F642563FA48001AD7B4 /* LineChartView.swift in Sources */ = {isa = PBXBuildFile; fileRef = DC4E2F632563FA47001AD7B4 /* LineChartView.swift */; };
		DC4E2F652563FA48001AD7B4 /* LineChartView.swift in Sources */ = {isa = PBXBuildFile; fileRef = DC4E2F632563FA47001AD7B4 /* LineChartView.swift */; };
		DC4E2F6D25641BF1001AD7B4 /* RoundedCorners.swift in Sources */ = {isa = PBXBuildFile; fileRef = DC4E2F6C25641BF1001AD7B4 /* RoundedCorners.swift */; };
		DC4E2F6E25641BF1001AD7B4 /* RoundedCorners.swift in Sources */ = {isa = PBXBuildFile; fileRef = DC4E2F6C25641BF1001AD7B4 /* RoundedCorners.swift */; };
		DC4F7DBA25067C3000B54561 /* OrganizationSettingsView.swift in Sources */ = {isa = PBXBuildFile; fileRef = DC4F7DB925067C3000B54561 /* OrganizationSettingsView.swift */; };
		DC4F7DBB25067C3000B54561 /* OrganizationSettingsView.swift in Sources */ = {isa = PBXBuildFile; fileRef = DC4F7DB925067C3000B54561 /* OrganizationSettingsView.swift */; };
		DC5339362521CE6200D9C889 /* CardView.swift in Sources */ = {isa = PBXBuildFile; fileRef = DC5339352521CE6200D9C889 /* CardView.swift */; };
		DC5339372521CE6200D9C889 /* CardView.swift in Sources */ = {isa = PBXBuildFile; fileRef = DC5339352521CE6200D9C889 /* CardView.swift */; };
		DC53394025222C2F00D9C889 /* InsightGroupList.swift in Sources */ = {isa = PBXBuildFile; fileRef = DC53393F25222C2F00D9C889 /* InsightGroupList.swift */; };
		DC53394125222C2F00D9C889 /* InsightGroupList.swift in Sources */ = {isa = PBXBuildFile; fileRef = DC53393F25222C2F00D9C889 /* InsightGroupList.swift */; };
		DC53394525222FC600D9C889 /* NewInsightGroupView.swift in Sources */ = {isa = PBXBuildFile; fileRef = DC53394425222FC600D9C889 /* NewInsightGroupView.swift */; };
		DC53394625222FC600D9C889 /* NewInsightGroupView.swift in Sources */ = {isa = PBXBuildFile; fileRef = DC53394425222FC600D9C889 /* NewInsightGroupView.swift */; };
		DC591398252DF975007360A9 /* DonutChartView.swift in Sources */ = {isa = PBXBuildFile; fileRef = DC591397252DF975007360A9 /* DonutChartView.swift */; };
		DC591399252DF975007360A9 /* DonutChartView.swift in Sources */ = {isa = PBXBuildFile; fileRef = DC591397252DF975007360A9 /* DonutChartView.swift */; };
		DC5F3A8925A364C00057AA59 /* EmptyInsightGroupView.swift in Sources */ = {isa = PBXBuildFile; fileRef = DC5F3A8825A364C00057AA59 /* EmptyInsightGroupView.swift */; };
		DC5F3A8A25A364C00057AA59 /* EmptyInsightGroupView.swift in Sources */ = {isa = PBXBuildFile; fileRef = DC5F3A8825A364C00057AA59 /* EmptyInsightGroupView.swift */; };
		DC627EEF25A35B6A00C1DF33 /* EmptyAppView.swift in Sources */ = {isa = PBXBuildFile; fileRef = DC627EEE25A35B6A00C1DF33 /* EmptyAppView.swift */; };
		DC627EF025A35B6A00C1DF33 /* EmptyAppView.swift in Sources */ = {isa = PBXBuildFile; fileRef = DC627EEE25A35B6A00C1DF33 /* EmptyAppView.swift */; };
		DC627EF525A35B8500C1DF33 /* AppRootSidebar.swift in Sources */ = {isa = PBXBuildFile; fileRef = DC627EF425A35B8500C1DF33 /* AppRootSidebar.swift */; };
		DC627EF625A35B8500C1DF33 /* AppRootSidebar.swift in Sources */ = {isa = PBXBuildFile; fileRef = DC627EF425A35B8500C1DF33 /* AppRootSidebar.swift */; };
		DC7C540C250FB0BA0027D6A5 /* JSONDecoder.swift in Sources */ = {isa = PBXBuildFile; fileRef = DC7C540B250FB0BA0027D6A5 /* JSONDecoder.swift */; };
		DC7C540D250FB0BA0027D6A5 /* JSONDecoder.swift in Sources */ = {isa = PBXBuildFile; fileRef = DC7C540B250FB0BA0027D6A5 /* JSONDecoder.swift */; };
		DC7DEEB6258A3C2800BEA712 /* AppUpdateView.swift in Sources */ = {isa = PBXBuildFile; fileRef = DC7DEEB4258A3C2800BEA712 /* AppUpdateView.swift */; };
		DC7DEEC0258A453A00BEA712 /* OldSidebarView.swift in Sources */ = {isa = PBXBuildFile; fileRef = DC45BB1824E1F01F004E6392 /* OldSidebarView.swift */; };
		DC815F3C24E283640095A047 /* SignalList.swift in Sources */ = {isa = PBXBuildFile; fileRef = DC815F3B24E283640095A047 /* SignalList.swift */; };
		DC815F3D24E283640095A047 /* SignalList.swift in Sources */ = {isa = PBXBuildFile; fileRef = DC815F3B24E283640095A047 /* SignalList.swift */; };
		DC83C859256A857300FCF2A1 /* RawChartView.swift in Sources */ = {isa = PBXBuildFile; fileRef = DC83C858256A857300FCF2A1 /* RawChartView.swift */; };
		DC83C85A256A857300FCF2A1 /* RawChartView.swift in Sources */ = {isa = PBXBuildFile; fileRef = DC83C858256A857300FCF2A1 /* RawChartView.swift */; };
		DC83C862256A85BD00FCF2A1 /* LineChartView.swift in Sources */ = {isa = PBXBuildFile; fileRef = DC4E2F632563FA47001AD7B4 /* LineChartView.swift */; };
		DC8FAD5D257E5C360019A186 /* String+CamelCase.swift in Sources */ = {isa = PBXBuildFile; fileRef = DC8FAD5C257E5C360019A186 /* String+CamelCase.swift */; };
		DC8FAD61257E5C910019A186 /* String+CamelCase.swift in Sources */ = {isa = PBXBuildFile; fileRef = DC8FAD5C257E5C360019A186 /* String+CamelCase.swift */; };
		DC8FAD6C257E84BC0019A186 /* OrganizationAdmin.swift in Sources */ = {isa = PBXBuildFile; fileRef = DC8FAD6B257E84BC0019A186 /* OrganizationAdmin.swift */; };
		DC8FAD6D257E84BC0019A186 /* OrganizationAdmin.swift in Sources */ = {isa = PBXBuildFile; fileRef = DC8FAD6B257E84BC0019A186 /* OrganizationAdmin.swift */; };
		DC90D08B25063A6B00634B72 /* UserSettingsView.swift in Sources */ = {isa = PBXBuildFile; fileRef = DC90D08A25063A6B00634B72 /* UserSettingsView.swift */; };
		DC90D08C25063A6B00634B72 /* UserSettingsView.swift in Sources */ = {isa = PBXBuildFile; fileRef = DC90D08A25063A6B00634B72 /* UserSettingsView.swift */; };
		DC92395725E5B2DE00D1729C /* ChartRangeView.swift in Sources */ = {isa = PBXBuildFile; fileRef = DC92395625E5B2DE00D1729C /* ChartRangeView.swift */; };
		DC92395825E5B2DE00D1729C /* ChartRangeView.swift in Sources */ = {isa = PBXBuildFile; fileRef = DC92395625E5B2DE00D1729C /* ChartRangeView.swift */; };
		DC92395925E5B2DE00D1729C /* ChartRangeView.swift in Sources */ = {isa = PBXBuildFile; fileRef = DC92395625E5B2DE00D1729C /* ChartRangeView.swift */; };
		DC92395B25E5B5D600D1729C /* Telemetry_ViewerApp_macOS.swift in Sources */ = {isa = PBXBuildFile; fileRef = DC92395A25E5B5D600D1729C /* Telemetry_ViewerApp_macOS.swift */; };
		DC92395D25E5B67500D1729C /* AppRootSidebarSection.swift in Sources */ = {isa = PBXBuildFile; fileRef = DC25A615256DBC3B00EE84DA /* AppRootSidebarSection.swift */; };
		DC92395E25E5B67500D1729C /* AppRootSidebarSection.swift in Sources */ = {isa = PBXBuildFile; fileRef = DC25A615256DBC3B00EE84DA /* AppRootSidebarSection.swift */; };
		DC98AAB7250A671900FF26FD /* AppEditor.swift in Sources */ = {isa = PBXBuildFile; fileRef = DC98AAB6250A671900FF26FD /* AppEditor.swift */; };
		DC98AAB8250A671900FF26FD /* AppEditor.swift in Sources */ = {isa = PBXBuildFile; fileRef = DC98AAB6250A671900FF26FD /* AppEditor.swift */; };
		DC98AABC250BC30200FF26FD /* Telemetry.swift in Sources */ = {isa = PBXBuildFile; fileRef = DC98AABB250BC30200FF26FD /* Telemetry.swift */; };
		DC98AABD250BC30200FF26FD /* Telemetry.swift in Sources */ = {isa = PBXBuildFile; fileRef = DC98AABB250BC30200FF26FD /* Telemetry.swift */; };
		DC9A92B0255C1CD100E92C89 /* AutoCompletingTextField.swift in Sources */ = {isa = PBXBuildFile; fileRef = DC9A92AF255C1CD100E92C89 /* AutoCompletingTextField.swift */; };
		DC9A92BB255C3E8E00E92C89 /* JoinOrganizationView.swift in Sources */ = {isa = PBXBuildFile; fileRef = DC9A92BA255C3E8E00E92C89 /* JoinOrganizationView.swift */; };
		DC9A92BC255C3E8E00E92C89 /* JoinOrganizationView.swift in Sources */ = {isa = PBXBuildFile; fileRef = DC9A92BA255C3E8E00E92C89 /* JoinOrganizationView.swift */; };
		DC9A92C1255C6A6900E92C89 /* CreateOrganizationJoinRequestView.swift in Sources */ = {isa = PBXBuildFile; fileRef = DC9A92C0255C6A6900E92C89 /* CreateOrganizationJoinRequestView.swift */; };
		DC9A92C2255C6A6900E92C89 /* CreateOrganizationJoinRequestView.swift in Sources */ = {isa = PBXBuildFile; fileRef = DC9A92C0255C6A6900E92C89 /* CreateOrganizationJoinRequestView.swift */; };
		DC9C0831252CD622001C0F94 /* TelemetryClient in Frameworks */ = {isa = PBXBuildFile; productRef = DC9C0830252CD622001C0F94 /* TelemetryClient */; };
		DC9C0842252CEAC9001C0F94 /* TelemetryClient in Frameworks */ = {isa = PBXBuildFile; productRef = DC9C0841252CEAC9001C0F94 /* TelemetryClient */; };
		DCA10F7B24DA722700A62C26 /* RegisterView.swift in Sources */ = {isa = PBXBuildFile; fileRef = DCA10F7A24DA722700A62C26 /* RegisterView.swift */; };
		DCB02B5D25001A2600304964 /* DashedCardView.swift in Sources */ = {isa = PBXBuildFile; fileRef = DCB02B5C25001A2600304964 /* DashedCardView.swift */; };
		DCB02B5E25001A2600304964 /* DashedCardView.swift in Sources */ = {isa = PBXBuildFile; fileRef = DCB02B5C25001A2600304964 /* DashedCardView.swift */; };
		DCB02B6B2502773D00304964 /* WelcomeView.swift in Sources */ = {isa = PBXBuildFile; fileRef = DCB02B6A2502773D00304964 /* WelcomeView.swift */; };
		DCB02B6E250277A700304964 /* AdaptiveStack.swift in Sources */ = {isa = PBXBuildFile; fileRef = DCB02B6D250277A700304964 /* AdaptiveStack.swift */; };
		DCB02B6F250277A700304964 /* AdaptiveStack.swift in Sources */ = {isa = PBXBuildFile; fileRef = DCB02B6D250277A700304964 /* AdaptiveStack.swift */; };
		DCB02B722502781A00304964 /* LoginView.swift in Sources */ = {isa = PBXBuildFile; fileRef = DCB02B712502781A00304964 /* LoginView.swift */; };
		DCB02B732502781A00304964 /* LoginView.swift in Sources */ = {isa = PBXBuildFile; fileRef = DCB02B712502781A00304964 /* LoginView.swift */; };
		DCB02B762502809200304964 /* RootView.swift in Sources */ = {isa = PBXBuildFile; fileRef = DCB02B752502809200304964 /* RootView.swift */; };
		DCB02B772502809200304964 /* RootView.swift in Sources */ = {isa = PBXBuildFile; fileRef = DCB02B752502809200304964 /* RootView.swift */; };
		DCB02B7C25038F4600304964 /* APIRepresentative.swift in Sources */ = {isa = PBXBuildFile; fileRef = DCB02B7B25038F4600304964 /* APIRepresentative.swift */; };
		DCB02B7D25038F4600304964 /* APIRepresentative.swift in Sources */ = {isa = PBXBuildFile; fileRef = DCB02B7B25038F4600304964 /* APIRepresentative.swift */; };
		DCB02B7F25038F5000304964 /* MockData.swift in Sources */ = {isa = PBXBuildFile; fileRef = DCB02B7E25038F5000304964 /* MockData.swift */; };
		DCB02B8025038F5000304964 /* MockData.swift in Sources */ = {isa = PBXBuildFile; fileRef = DCB02B7E25038F5000304964 /* MockData.swift */; };
		DCB1A3CB2549C94D000C6575 /* BetaRequestsList.swift in Sources */ = {isa = PBXBuildFile; fileRef = DCB1A3CA2549C94D000C6575 /* BetaRequestsList.swift */; };
		DCB1A3CC2549C94D000C6575 /* BetaRequestsList.swift in Sources */ = {isa = PBXBuildFile; fileRef = DCB1A3CA2549C94D000C6575 /* BetaRequestsList.swift */; };
		DCB28D6C2550AF0B0032B9AD /* InsightsGrid.swift in Sources */ = {isa = PBXBuildFile; fileRef = DCB28D6B2550AF0B0032B9AD /* InsightsGrid.swift */; };
		DCB28D6D2550AF0B0032B9AD /* InsightsGrid.swift in Sources */ = {isa = PBXBuildFile; fileRef = DCB28D6B2550AF0B0032B9AD /* InsightsGrid.swift */; };
		DCB28D7525517A4B0032B9AD /* ListItemView.swift in Sources */ = {isa = PBXBuildFile; fileRef = DCB28D7425517A4B0032B9AD /* ListItemView.swift */; };
		DCB28D7625517A4B0032B9AD /* ListItemView.swift in Sources */ = {isa = PBXBuildFile; fileRef = DCB28D7425517A4B0032B9AD /* ListItemView.swift */; };
		DCB28D7E25517EDD0032B9AD /* Helpers.swift in Sources */ = {isa = PBXBuildFile; fileRef = DCB28D7D25517EDD0032B9AD /* Helpers.swift */; };
		DCB28D7F25517EDD0032B9AD /* Helpers.swift in Sources */ = {isa = PBXBuildFile; fileRef = DCB28D7D25517EDD0032B9AD /* Helpers.swift */; };
		DCB28D892551C3330032B9AD /* TelemetryWidget.intentdefinition in Sources */ = {isa = PBXBuildFile; fileRef = DCB28D8C2551C3330032B9AD /* TelemetryWidget.intentdefinition */; };
		DCB28D8A2551C3330032B9AD /* TelemetryWidget.intentdefinition in Sources */ = {isa = PBXBuildFile; fileRef = DCB28D8C2551C3330032B9AD /* TelemetryWidget.intentdefinition */; };
		DCB5F9F225F294C6004C4922 /* FavouritesView.swift in Sources */ = {isa = PBXBuildFile; fileRef = DCB5F9F125F294C6004C4922 /* FavouritesView.swift */; };
		DCB5F9F325F294C6004C4922 /* FavouritesView.swift in Sources */ = {isa = PBXBuildFile; fileRef = DCB5F9F125F294C6004C4922 /* FavouritesView.swift */; };
		DCB5F9F625F29BF4004C4922 /* NewInsightGroupEditor.swift in Sources */ = {isa = PBXBuildFile; fileRef = DCB5F9F525F29BF4004C4922 /* NewInsightGroupEditor.swift */; };
		DCB5F9F725F29BF4004C4922 /* NewInsightGroupEditor.swift in Sources */ = {isa = PBXBuildFile; fileRef = DCB5F9F525F29BF4004C4922 /* NewInsightGroupEditor.swift */; };
		DCC8CB5B2562DC8D0019267A /* Buttonstyles.swift in Sources */ = {isa = PBXBuildFile; fileRef = DCC8CB5A2562DC8D0019267A /* Buttonstyles.swift */; };
		DCC8CB5C2562DC8D0019267A /* Buttonstyles.swift in Sources */ = {isa = PBXBuildFile; fileRef = DCC8CB5A2562DC8D0019267A /* Buttonstyles.swift */; };
		DCC8CB67256308330019267A /* MacNavigationView.swift in Sources */ = {isa = PBXBuildFile; fileRef = DCC8CB66256308250019267A /* MacNavigationView.swift */; };
		DCC8CB762563103E0019267A /* Illustrations.xcassets in Resources */ = {isa = PBXBuildFile; fileRef = DCC8CB752563103E0019267A /* Illustrations.xcassets */; };
		DCC8CB772563103E0019267A /* Illustrations.xcassets in Resources */ = {isa = PBXBuildFile; fileRef = DCC8CB752563103E0019267A /* Illustrations.xcassets */; };
		DCCD4819253D9E870098EC95 /* Formatter+ISO.swift in Sources */ = {isa = PBXBuildFile; fileRef = DCCD4818253D9E870098EC95 /* Formatter+ISO.swift */; };
		DCCD481A253D9E870098EC95 /* Formatter+ISO.swift in Sources */ = {isa = PBXBuildFile; fileRef = DCCD4818253D9E870098EC95 /* Formatter+ISO.swift */; };
		DCD49407255BFD3000925F5D /* AutoCompletingTextField.swift in Sources */ = {isa = PBXBuildFile; fileRef = DCD49406255BFD3000925F5D /* AutoCompletingTextField.swift */; };
		DCD52C4A2541FFE3003F12C6 /* ColSpan.swift in Sources */ = {isa = PBXBuildFile; fileRef = DCD52C492541FFE3003F12C6 /* ColSpan.swift */; };
		DCD52C4B2541FFE3003F12C6 /* ColSpan.swift in Sources */ = {isa = PBXBuildFile; fileRef = DCD52C492541FFE3003F12C6 /* ColSpan.swift */; };
		DCD67BCF252DB40B00A00C5B /* WelcomeView.swift in Sources */ = {isa = PBXBuildFile; fileRef = DCD67BCE252DB40900A00C5B /* WelcomeView.swift */; };
		DCD86AE9254EF0B5008F63CB /* WidgetKit.framework in Frameworks */ = {isa = PBXBuildFile; fileRef = DCD86AE8254EF0B5008F63CB /* WidgetKit.framework */; };
		DCD86AEB254EF0B5008F63CB /* SwiftUI.framework in Frameworks */ = {isa = PBXBuildFile; fileRef = DCD86AEA254EF0B5008F63CB /* SwiftUI.framework */; };
		DCD86AEE254EF0B5008F63CB /* TelemetryWidget.swift in Sources */ = {isa = PBXBuildFile; fileRef = DCD86AED254EF0B5008F63CB /* TelemetryWidget.swift */; };
		DCD86AF1254EF0B6008F63CB /* Assets.xcassets in Resources */ = {isa = PBXBuildFile; fileRef = DCD86AF0254EF0B6008F63CB /* Assets.xcassets */; };
		DCD86AF7254EF0B6008F63CB /* TelemetryWidgetExtension.appex in Embed App Extensions */ = {isa = PBXBuildFile; fileRef = DCD86AE7254EF0B5008F63CB /* TelemetryWidgetExtension.appex */; settings = {ATTRIBUTES = (RemoveHeadersOnCopy, ); }; };
		DCD86AFF254EF456008F63CB /* Models.swift in Sources */ = {isa = PBXBuildFile; fileRef = DC45BAED24DFF895004E6392 /* Models.swift */; };
		DCD86B03254EF470008F63CB /* MockData.swift in Sources */ = {isa = PBXBuildFile; fileRef = DCB02B7E25038F5000304964 /* MockData.swift */; };
		DCDC6EF8253ECA7E0012D9A7 /* KeyValueView.swift in Sources */ = {isa = PBXBuildFile; fileRef = DCDC6EF7253ECA7E0012D9A7 /* KeyValueView.swift */; };
		DCDC6EF9253ECA7E0012D9A7 /* KeyValueView.swift in Sources */ = {isa = PBXBuildFile; fileRef = DCDC6EF7253ECA7E0012D9A7 /* KeyValueView.swift */; };
		DCDC6EFF253EDA4C0012D9A7 /* FilterEditView.swift in Sources */ = {isa = PBXBuildFile; fileRef = DCDC6EFE253EDA4C0012D9A7 /* FilterEditView.swift */; };
		DCDC6F06253EE0620012D9A7 /* FilterEditView.swift in Sources */ = {isa = PBXBuildFile; fileRef = DCDC6F05253EE0620012D9A7 /* FilterEditView.swift */; };
		DCDC6F0C253EEB9B0012D9A7 /* Optional+Bound.swift in Sources */ = {isa = PBXBuildFile; fileRef = DCDC6F0B253EEB9B0012D9A7 /* Optional+Bound.swift */; };
		DCDC6F0D253EEB9B0012D9A7 /* Optional+Bound.swift in Sources */ = {isa = PBXBuildFile; fileRef = DCDC6F0B253EEB9B0012D9A7 /* Optional+Bound.swift */; };
		DCDC6F13253EECA90012D9A7 /* Numbers+Bound.swift in Sources */ = {isa = PBXBuildFile; fileRef = DCDC6F12253EECA90012D9A7 /* Numbers+Bound.swift */; };
		DCDC6F14253EECA90012D9A7 /* Numbers+Bound.swift in Sources */ = {isa = PBXBuildFile; fileRef = DCDC6F12253EECA90012D9A7 /* Numbers+Bound.swift */; };
		DCE23A0F24D3687D00053370 /* Telemetry_ViewerApp_iOS.swift in Sources */ = {isa = PBXBuildFile; fileRef = DCE239FC24D3687C00053370 /* Telemetry_ViewerApp_iOS.swift */; };
		DCE23A1324D3687D00053370 /* Assets.xcassets in Resources */ = {isa = PBXBuildFile; fileRef = DCE239FE24D3687D00053370 /* Assets.xcassets */; };
		DCE23A1424D3687D00053370 /* Assets.xcassets in Resources */ = {isa = PBXBuildFile; fileRef = DCE239FE24D3687D00053370 /* Assets.xcassets */; };
		DCF5583B25B08BE3007C8F8F /* OrderSetter.swift in Sources */ = {isa = PBXBuildFile; fileRef = DCF5583A25B08BE3007C8F8F /* OrderSetter.swift */; };
		DCF5583C25B08BE3007C8F8F /* OrderSetter.swift in Sources */ = {isa = PBXBuildFile; fileRef = DCF5583A25B08BE3007C8F8F /* OrderSetter.swift */; };
		DCF7CD40254A08B900BFA23B /* LexiconView.swift in Sources */ = {isa = PBXBuildFile; fileRef = DCF7CD3F254A08B900BFA23B /* LexiconView.swift */; };
		DCF7CD43254A092100BFA23B /* LexiconView.swift in Sources */ = {isa = PBXBuildFile; fileRef = DCF7CD3F254A08B900BFA23B /* LexiconView.swift */; };
		DCF7CD47254A0DB300BFA23B /* LexiconItemView.swift in Sources */ = {isa = PBXBuildFile; fileRef = DCF7CD46254A0DB300BFA23B /* LexiconItemView.swift */; };
		DCF7CD48254A0DB300BFA23B /* LexiconItemView.swift in Sources */ = {isa = PBXBuildFile; fileRef = DCF7CD46254A0DB300BFA23B /* LexiconItemView.swift */; };
		DCF8978225C8345E00E0BE57 /* InsightQueryAdmin.swift in Sources */ = {isa = PBXBuildFile; fileRef = DCF8977E25C833A000E0BE57 /* InsightQueryAdmin.swift */; };
		DCF8978625C8345E00E0BE57 /* InsightQueryAdmin.swift in Sources */ = {isa = PBXBuildFile; fileRef = DCF8977E25C833A000E0BE57 /* InsightQueryAdmin.swift */; };
		DCF8978B25C8726600E0BE57 /* ValueView.swift in Sources */ = {isa = PBXBuildFile; fileRef = DCF8978A25C8726600E0BE57 /* ValueView.swift */; };
		DCF8978C25C8726600E0BE57 /* ValueView.swift in Sources */ = {isa = PBXBuildFile; fileRef = DCF8978A25C8726600E0BE57 /* ValueView.swift */; };
		DCFCDCBE25DD82BF00ACC529 /* NewInsightEditor.swift in Sources */ = {isa = PBXBuildFile; fileRef = DCFCDCBD25DD82BF00ACC529 /* NewInsightEditor.swift */; };
		DCFCDCBF25DD82BF00ACC529 /* NewInsightEditor.swift in Sources */ = {isa = PBXBuildFile; fileRef = DCFCDCBD25DD82BF00ACC529 /* NewInsightEditor.swift */; };
		DCFD9CD0252A344F002BD29F /* Publisher+Validation.swift in Sources */ = {isa = PBXBuildFile; fileRef = DCFD9CCF252A344F002BD29F /* Publisher+Validation.swift */; };
		DCFD9CD1252A344F002BD29F /* Publisher+Validation.swift in Sources */ = {isa = PBXBuildFile; fileRef = DCFD9CCF252A344F002BD29F /* Publisher+Validation.swift */; };
/* End PBXBuildFile section */

/* Begin PBXContainerItemProxy section */
		DCD86AF5254EF0B6008F63CB /* PBXContainerItemProxy */ = {
			isa = PBXContainerItemProxy;
			containerPortal = DCE239F724D3687C00053370 /* Project object */;
			proxyType = 1;
			remoteGlobalIDString = DCD86AE6254EF0B5008F63CB;
			remoteInfo = TelemetryWidgetExtension;
		};
/* End PBXContainerItemProxy section */

/* Begin PBXCopyFilesBuildPhase section */
		DCD86AF8254EF0B6008F63CB /* Embed App Extensions */ = {
			isa = PBXCopyFilesBuildPhase;
			buildActionMask = 2147483647;
			dstPath = "";
			dstSubfolderSpec = 13;
			files = (
				DCD86AF7254EF0B6008F63CB /* TelemetryWidgetExtension.appex in Embed App Extensions */,
			);
			name = "Embed App Extensions";
			runOnlyForDeploymentPostprocessing = 0;
		};
/* End PBXCopyFilesBuildPhase section */

/* Begin PBXFileReference section */
		DC0CCF6925F02F91008EB297 /* NSView+FindViews.swift */ = {isa = PBXFileReference; lastKnownFileType = sourcecode.swift; path = "NSView+FindViews.swift"; sourceTree = "<group>"; };
		DC0CCF7525F03052008EB297 /* View+toggleSidebar.swift */ = {isa = PBXFileReference; lastKnownFileType = sourcecode.swift; path = "View+toggleSidebar.swift"; sourceTree = "<group>"; };
		DC23286C2522725A00DB6145 /* InsightView.swift */ = {isa = PBXFileReference; lastKnownFileType = sourcecode.swift; path = InsightView.swift; sourceTree = "<group>"; };
		DC24DF3225DD54090003ADCB /* AppInfoView.swift */ = {isa = PBXFileReference; lastKnownFileType = sourcecode.swift; path = AppInfoView.swift; sourceTree = "<group>"; };
		DC24DF3825DD54780003ADCB /* LeftSidebarView.swift */ = {isa = PBXFileReference; lastKnownFileType = sourcecode.swift; path = LeftSidebarView.swift; sourceTree = "<group>"; };
		DC24DF4425DD54D90003ADCB /* AppRootViewMacOS.swift */ = {isa = PBXFileReference; lastKnownFileType = sourcecode.swift; path = AppRootViewMacOS.swift; sourceTree = "<group>"; };
		DC24DF4D25DD58A80003ADCB /* InsightGroupView.swift */ = {isa = PBXFileReference; lastKnownFileType = sourcecode.swift; path = InsightGroupView.swift; sourceTree = "<group>"; };
		DC24DF6525DD73990003ADCB /* AppRootViewIOS.swift */ = {isa = PBXFileReference; lastKnownFileType = sourcecode.swift; path = AppRootViewIOS.swift; sourceTree = "<group>"; };
		DC25A58C256BF1D800EE84DA /* BarChartView.swift */ = {isa = PBXFileReference; lastKnownFileType = sourcecode.swift; path = BarChartView.swift; sourceTree = "<group>"; };
		DC25A5AB256C0C2000EE84DA /* ChartBottomView.swift */ = {isa = PBXFileReference; lastKnownFileType = sourcecode.swift; path = ChartBottomView.swift; sourceTree = "<group>"; };
		DC25A5DF256D844300EE84DA /* DetailSidebar.swift */ = {isa = PBXFileReference; lastKnownFileType = sourcecode.swift; path = DetailSidebar.swift; sourceTree = "<group>"; };
		DC25A615256DBC3B00EE84DA /* AppRootSidebarSection.swift */ = {isa = PBXFileReference; lastKnownFileType = sourcecode.swift; path = AppRootSidebarSection.swift; sourceTree = "<group>"; };
		DC25A639256ED03500EE84DA /* Binding+OnUpdate.swift */ = {isa = PBXFileReference; lastKnownFileType = sourcecode.swift; path = "Binding+OnUpdate.swift"; sourceTree = "<group>"; };
		DC25A63F256ED12100EE84DA /* InsightGroupEditor.swift */ = {isa = PBXFileReference; lastKnownFileType = sourcecode.swift; path = InsightGroupEditor.swift; sourceTree = "<group>"; };
		DC25A6482570108E00EE84DA /* InsightEditor.swift */ = {isa = PBXFileReference; lastKnownFileType = sourcecode.swift; path = InsightEditor.swift; sourceTree = "<group>"; };
		DC25A64E2571680900EE84DA /* CustomSection.swift */ = {isa = PBXFileReference; lastKnownFileType = sourcecode.swift; path = CustomSection.swift; sourceTree = "<group>"; };
		DC340E5D2531C23800514FD6 /* InsightDetailView.swift */ = {isa = PBXFileReference; lastKnownFileType = sourcecode.swift; path = InsightDetailView.swift; sourceTree = "<group>"; };
		DC347301258D026E00BEEDE0 /* DebugView.swift */ = {isa = PBXFileReference; lastKnownFileType = sourcecode.swift; path = DebugView.swift; sourceTree = "<group>"; };
		DC415C0D2531F6C300D8D0B1 /* Color.swift */ = {isa = PBXFileReference; lastKnownFileType = sourcecode.swift; path = Color.swift; sourceTree = "<group>"; };
		DC4504F925C4940E0031C7FD /* BigNumberFormatter.swift */ = {isa = PBXFileReference; lastKnownFileType = sourcecode.swift; path = BigNumberFormatter.swift; sourceTree = "<group>"; };
		DC45BAED24DFF895004E6392 /* Models.swift */ = {isa = PBXFileReference; lastKnownFileType = sourcecode.swift; path = Models.swift; sourceTree = "<group>"; };
		DC45BB1824E1F01F004E6392 /* OldSidebarView.swift */ = {isa = PBXFileReference; lastKnownFileType = sourcecode.swift; path = OldSidebarView.swift; sourceTree = "<group>"; };
		DC45BB1B24E27F12004E6392 /* SignalView.swift */ = {isa = PBXFileReference; lastKnownFileType = sourcecode.swift; path = SignalView.swift; sourceTree = "<group>"; };
		DC4E2F542563290F001AD7B4 /* SingleKeyValueView.swift */ = {isa = PBXFileReference; lastKnownFileType = sourcecode.swift; path = SingleKeyValueView.swift; sourceTree = "<group>"; };
		DC4E2F632563FA47001AD7B4 /* LineChartView.swift */ = {isa = PBXFileReference; lastKnownFileType = sourcecode.swift; path = LineChartView.swift; sourceTree = "<group>"; };
		DC4E2F6C25641BF1001AD7B4 /* RoundedCorners.swift */ = {isa = PBXFileReference; lastKnownFileType = sourcecode.swift; path = RoundedCorners.swift; sourceTree = "<group>"; };
		DC4F7DB925067C3000B54561 /* OrganizationSettingsView.swift */ = {isa = PBXFileReference; lastKnownFileType = sourcecode.swift; path = OrganizationSettingsView.swift; sourceTree = "<group>"; };
		DC5339352521CE6200D9C889 /* CardView.swift */ = {isa = PBXFileReference; lastKnownFileType = sourcecode.swift; name = CardView.swift; path = ../CardView.swift; sourceTree = "<group>"; };
		DC53393F25222C2F00D9C889 /* InsightGroupList.swift */ = {isa = PBXFileReference; lastKnownFileType = sourcecode.swift; path = InsightGroupList.swift; sourceTree = "<group>"; };
		DC53394425222FC600D9C889 /* NewInsightGroupView.swift */ = {isa = PBXFileReference; lastKnownFileType = sourcecode.swift; path = NewInsightGroupView.swift; sourceTree = "<group>"; };
		DC591397252DF975007360A9 /* DonutChartView.swift */ = {isa = PBXFileReference; lastKnownFileType = sourcecode.swift; path = DonutChartView.swift; sourceTree = "<group>"; };
		DC5F3A8825A364C00057AA59 /* EmptyInsightGroupView.swift */ = {isa = PBXFileReference; lastKnownFileType = sourcecode.swift; path = EmptyInsightGroupView.swift; sourceTree = "<group>"; };
		DC627EEE25A35B6A00C1DF33 /* EmptyAppView.swift */ = {isa = PBXFileReference; lastKnownFileType = sourcecode.swift; path = EmptyAppView.swift; sourceTree = "<group>"; };
		DC627EF425A35B8500C1DF33 /* AppRootSidebar.swift */ = {isa = PBXFileReference; lastKnownFileType = sourcecode.swift; path = AppRootSidebar.swift; sourceTree = "<group>"; };
		DC7C540B250FB0BA0027D6A5 /* JSONDecoder.swift */ = {isa = PBXFileReference; lastKnownFileType = sourcecode.swift; path = JSONDecoder.swift; sourceTree = "<group>"; };
		DC7DEEAB258A3B9B00BEA712 /* AppUpdater.swift */ = {isa = PBXFileReference; lastKnownFileType = sourcecode.swift; path = AppUpdater.swift; sourceTree = "<group>"; };
		DC7DEEB4258A3C2800BEA712 /* AppUpdateView.swift */ = {isa = PBXFileReference; lastKnownFileType = sourcecode.swift; path = AppUpdateView.swift; sourceTree = "<group>"; };
		DC815F3B24E283640095A047 /* SignalList.swift */ = {isa = PBXFileReference; lastKnownFileType = sourcecode.swift; path = SignalList.swift; sourceTree = "<group>"; };
		DC83C858256A857300FCF2A1 /* RawChartView.swift */ = {isa = PBXFileReference; lastKnownFileType = sourcecode.swift; path = RawChartView.swift; sourceTree = "<group>"; };
		DC8FAD5C257E5C360019A186 /* String+CamelCase.swift */ = {isa = PBXFileReference; lastKnownFileType = sourcecode.swift; path = "String+CamelCase.swift"; sourceTree = "<group>"; };
		DC8FAD6B257E84BC0019A186 /* OrganizationAdmin.swift */ = {isa = PBXFileReference; lastKnownFileType = sourcecode.swift; path = OrganizationAdmin.swift; sourceTree = "<group>"; };
		DC90D08A25063A6B00634B72 /* UserSettingsView.swift */ = {isa = PBXFileReference; lastKnownFileType = sourcecode.swift; path = UserSettingsView.swift; sourceTree = "<group>"; };
		DC92395625E5B2DE00D1729C /* ChartRangeView.swift */ = {isa = PBXFileReference; lastKnownFileType = sourcecode.swift; path = ChartRangeView.swift; sourceTree = "<group>"; };
		DC92395A25E5B5D600D1729C /* Telemetry_ViewerApp_macOS.swift */ = {isa = PBXFileReference; lastKnownFileType = sourcecode.swift; path = Telemetry_ViewerApp_macOS.swift; sourceTree = "<group>"; };
		DC98AAB6250A671900FF26FD /* AppEditor.swift */ = {isa = PBXFileReference; lastKnownFileType = sourcecode.swift; path = AppEditor.swift; sourceTree = "<group>"; };
		DC98AABB250BC30200FF26FD /* Telemetry.swift */ = {isa = PBXFileReference; lastKnownFileType = sourcecode.swift; path = Telemetry.swift; sourceTree = "<group>"; };
		DC9A92AF255C1CD100E92C89 /* AutoCompletingTextField.swift */ = {isa = PBXFileReference; lastKnownFileType = sourcecode.swift; path = AutoCompletingTextField.swift; sourceTree = "<group>"; };
		DC9A92BA255C3E8E00E92C89 /* JoinOrganizationView.swift */ = {isa = PBXFileReference; lastKnownFileType = sourcecode.swift; path = JoinOrganizationView.swift; sourceTree = "<group>"; };
		DC9A92C0255C6A6900E92C89 /* CreateOrganizationJoinRequestView.swift */ = {isa = PBXFileReference; lastKnownFileType = sourcecode.swift; path = CreateOrganizationJoinRequestView.swift; sourceTree = "<group>"; };
		DCA10F7A24DA722700A62C26 /* RegisterView.swift */ = {isa = PBXFileReference; lastKnownFileType = sourcecode.swift; path = RegisterView.swift; sourceTree = "<group>"; };
		DCB02B5C25001A2600304964 /* DashedCardView.swift */ = {isa = PBXFileReference; lastKnownFileType = sourcecode.swift; path = DashedCardView.swift; sourceTree = "<group>"; };
		DCB02B6A2502773D00304964 /* WelcomeView.swift */ = {isa = PBXFileReference; lastKnownFileType = sourcecode.swift; path = WelcomeView.swift; sourceTree = "<group>"; };
		DCB02B6D250277A700304964 /* AdaptiveStack.swift */ = {isa = PBXFileReference; lastKnownFileType = sourcecode.swift; path = AdaptiveStack.swift; sourceTree = "<group>"; };
		DCB02B712502781A00304964 /* LoginView.swift */ = {isa = PBXFileReference; lastKnownFileType = sourcecode.swift; path = LoginView.swift; sourceTree = "<group>"; };
		DCB02B752502809200304964 /* RootView.swift */ = {isa = PBXFileReference; lastKnownFileType = sourcecode.swift; path = RootView.swift; sourceTree = "<group>"; };
		DCB02B7B25038F4600304964 /* APIRepresentative.swift */ = {isa = PBXFileReference; lastKnownFileType = sourcecode.swift; path = APIRepresentative.swift; sourceTree = "<group>"; };
		DCB02B7E25038F5000304964 /* MockData.swift */ = {isa = PBXFileReference; lastKnownFileType = sourcecode.swift; path = MockData.swift; sourceTree = "<group>"; };
		DCB1A3CA2549C94D000C6575 /* BetaRequestsList.swift */ = {isa = PBXFileReference; lastKnownFileType = sourcecode.swift; path = BetaRequestsList.swift; sourceTree = "<group>"; };
		DCB28D6B2550AF0B0032B9AD /* InsightsGrid.swift */ = {isa = PBXFileReference; lastKnownFileType = sourcecode.swift; path = InsightsGrid.swift; sourceTree = "<group>"; };
		DCB28D7425517A4B0032B9AD /* ListItemView.swift */ = {isa = PBXFileReference; lastKnownFileType = sourcecode.swift; path = ListItemView.swift; sourceTree = "<group>"; };
		DCB28D7D25517EDD0032B9AD /* Helpers.swift */ = {isa = PBXFileReference; lastKnownFileType = sourcecode.swift; path = Helpers.swift; sourceTree = "<group>"; };
		DCB28D8B2551C3330032B9AD /* Base */ = {isa = PBXFileReference; lastKnownFileType = file.intentdefinition; name = Base; path = Base.lproj/TelemetryWidget.intentdefinition; sourceTree = "<group>"; };
		DCB28D912551C3420032B9AD /* en */ = {isa = PBXFileReference; lastKnownFileType = text.plist.strings; name = en; path = en.lproj/TelemetryWidget.strings; sourceTree = "<group>"; };
		DCB5F9F125F294C6004C4922 /* FavouritesView.swift */ = {isa = PBXFileReference; lastKnownFileType = sourcecode.swift; path = FavouritesView.swift; sourceTree = "<group>"; };
		DCB5F9F525F29BF4004C4922 /* NewInsightGroupEditor.swift */ = {isa = PBXFileReference; lastKnownFileType = sourcecode.swift; path = NewInsightGroupEditor.swift; sourceTree = "<group>"; };
		DCC8CB5A2562DC8D0019267A /* Buttonstyles.swift */ = {isa = PBXFileReference; lastKnownFileType = sourcecode.swift; path = Buttonstyles.swift; sourceTree = "<group>"; };
		DCC8CB66256308250019267A /* MacNavigationView.swift */ = {isa = PBXFileReference; lastKnownFileType = sourcecode.swift; path = MacNavigationView.swift; sourceTree = "<group>"; };
		DCC8CB752563103E0019267A /* Illustrations.xcassets */ = {isa = PBXFileReference; lastKnownFileType = folder.assetcatalog; path = Illustrations.xcassets; sourceTree = "<group>"; };
		DCCD4818253D9E870098EC95 /* Formatter+ISO.swift */ = {isa = PBXFileReference; fileEncoding = 4; lastKnownFileType = sourcecode.swift; path = "Formatter+ISO.swift"; sourceTree = "<group>"; };
		DCD49406255BFD3000925F5D /* AutoCompletingTextField.swift */ = {isa = PBXFileReference; lastKnownFileType = sourcecode.swift; path = AutoCompletingTextField.swift; sourceTree = "<group>"; };
		DCD52C492541FFE3003F12C6 /* ColSpan.swift */ = {isa = PBXFileReference; lastKnownFileType = sourcecode.swift; path = ColSpan.swift; sourceTree = "<group>"; };
		DCD67BCE252DB40900A00C5B /* WelcomeView.swift */ = {isa = PBXFileReference; lastKnownFileType = sourcecode.swift; path = WelcomeView.swift; sourceTree = "<group>"; };
		DCD86AE7254EF0B5008F63CB /* TelemetryWidgetExtension.appex */ = {isa = PBXFileReference; explicitFileType = "wrapper.app-extension"; includeInIndex = 0; path = TelemetryWidgetExtension.appex; sourceTree = BUILT_PRODUCTS_DIR; };
		DCD86AE8254EF0B5008F63CB /* WidgetKit.framework */ = {isa = PBXFileReference; lastKnownFileType = wrapper.framework; name = WidgetKit.framework; path = System/Library/Frameworks/WidgetKit.framework; sourceTree = SDKROOT; };
		DCD86AEA254EF0B5008F63CB /* SwiftUI.framework */ = {isa = PBXFileReference; lastKnownFileType = wrapper.framework; name = SwiftUI.framework; path = System/Library/Frameworks/SwiftUI.framework; sourceTree = SDKROOT; };
		DCD86AED254EF0B5008F63CB /* TelemetryWidget.swift */ = {isa = PBXFileReference; lastKnownFileType = sourcecode.swift; path = TelemetryWidget.swift; sourceTree = "<group>"; };
		DCD86AF0254EF0B6008F63CB /* Assets.xcassets */ = {isa = PBXFileReference; lastKnownFileType = folder.assetcatalog; path = Assets.xcassets; sourceTree = "<group>"; };
		DCD86AF2254EF0B6008F63CB /* Info.plist */ = {isa = PBXFileReference; lastKnownFileType = text.plist.xml; path = Info.plist; sourceTree = "<group>"; };
		DCDC6EF7253ECA7E0012D9A7 /* KeyValueView.swift */ = {isa = PBXFileReference; lastKnownFileType = sourcecode.swift; path = KeyValueView.swift; sourceTree = "<group>"; };
		DCDC6EFE253EDA4C0012D9A7 /* FilterEditView.swift */ = {isa = PBXFileReference; lastKnownFileType = sourcecode.swift; path = FilterEditView.swift; sourceTree = "<group>"; };
		DCDC6F05253EE0620012D9A7 /* FilterEditView.swift */ = {isa = PBXFileReference; lastKnownFileType = sourcecode.swift; path = FilterEditView.swift; sourceTree = "<group>"; };
		DCDC6F0B253EEB9B0012D9A7 /* Optional+Bound.swift */ = {isa = PBXFileReference; lastKnownFileType = sourcecode.swift; path = "Optional+Bound.swift"; sourceTree = "<group>"; };
		DCDC6F12253EECA90012D9A7 /* Numbers+Bound.swift */ = {isa = PBXFileReference; lastKnownFileType = sourcecode.swift; path = "Numbers+Bound.swift"; sourceTree = "<group>"; };
		DCE239FC24D3687C00053370 /* Telemetry_ViewerApp_iOS.swift */ = {isa = PBXFileReference; lastKnownFileType = sourcecode.swift; path = Telemetry_ViewerApp_iOS.swift; sourceTree = "<group>"; };
		DCE239FE24D3687D00053370 /* Assets.xcassets */ = {isa = PBXFileReference; lastKnownFileType = folder.assetcatalog; path = Assets.xcassets; sourceTree = "<group>"; };
		DCE23A0324D3687D00053370 /* Telemetry Viewer.app */ = {isa = PBXFileReference; explicitFileType = wrapper.application; includeInIndex = 0; path = "Telemetry Viewer.app"; sourceTree = BUILT_PRODUCTS_DIR; };
		DCE23A0624D3687D00053370 /* Info.plist */ = {isa = PBXFileReference; lastKnownFileType = text.plist.xml; path = Info.plist; sourceTree = "<group>"; };
		DCE23A0B24D3687D00053370 /* Telemetry Viewer.app */ = {isa = PBXFileReference; explicitFileType = wrapper.application; includeInIndex = 0; path = "Telemetry Viewer.app"; sourceTree = BUILT_PRODUCTS_DIR; };
		DCE23A0D24D3687D00053370 /* Info.plist */ = {isa = PBXFileReference; lastKnownFileType = text.plist.xml; path = Info.plist; sourceTree = "<group>"; };
		DCE23A0E24D3687D00053370 /* macOS.entitlements */ = {isa = PBXFileReference; lastKnownFileType = text.plist.entitlements; path = macOS.entitlements; sourceTree = "<group>"; };
		DCF5583A25B08BE3007C8F8F /* OrderSetter.swift */ = {isa = PBXFileReference; lastKnownFileType = sourcecode.swift; path = OrderSetter.swift; sourceTree = "<group>"; };
		DCF7CD3F254A08B900BFA23B /* LexiconView.swift */ = {isa = PBXFileReference; lastKnownFileType = sourcecode.swift; path = LexiconView.swift; sourceTree = "<group>"; };
		DCF7CD46254A0DB300BFA23B /* LexiconItemView.swift */ = {isa = PBXFileReference; lastKnownFileType = sourcecode.swift; path = LexiconItemView.swift; sourceTree = "<group>"; };
		DCF8977E25C833A000E0BE57 /* InsightQueryAdmin.swift */ = {isa = PBXFileReference; lastKnownFileType = sourcecode.swift; path = InsightQueryAdmin.swift; sourceTree = "<group>"; };
		DCF8978A25C8726600E0BE57 /* ValueView.swift */ = {isa = PBXFileReference; lastKnownFileType = sourcecode.swift; path = ValueView.swift; sourceTree = "<group>"; };
		DCFCDCBD25DD82BF00ACC529 /* NewInsightEditor.swift */ = {isa = PBXFileReference; lastKnownFileType = sourcecode.swift; path = NewInsightEditor.swift; sourceTree = "<group>"; };
		DCFD9CCF252A344F002BD29F /* Publisher+Validation.swift */ = {isa = PBXFileReference; lastKnownFileType = sourcecode.swift; path = "Publisher+Validation.swift"; sourceTree = "<group>"; };
/* End PBXFileReference section */

/* Begin PBXFrameworksBuildPhase section */
		DCD86AE4254EF0B5008F63CB /* Frameworks */ = {
			isa = PBXFrameworksBuildPhase;
			buildActionMask = 2147483647;
			files = (
				DCD86AEB254EF0B5008F63CB /* SwiftUI.framework in Frameworks */,
				DCD86AE9254EF0B5008F63CB /* WidgetKit.framework in Frameworks */,
			);
			runOnlyForDeploymentPostprocessing = 0;
		};
		DCE23A0024D3687D00053370 /* Frameworks */ = {
			isa = PBXFrameworksBuildPhase;
			buildActionMask = 2147483647;
			files = (
				DC9C0831252CD622001C0F94 /* TelemetryClient in Frameworks */,
			);
			runOnlyForDeploymentPostprocessing = 0;
		};
		DCE23A0824D3687D00053370 /* Frameworks */ = {
			isa = PBXFrameworksBuildPhase;
			buildActionMask = 2147483647;
			files = (
				DC9C0842252CEAC9001C0F94 /* TelemetryClient in Frameworks */,
			);
			runOnlyForDeploymentPostprocessing = 0;
		};
/* End PBXFrameworksBuildPhase section */

/* Begin PBXGroup section */
		DC24DF3125DD53E50003ADCB /* Structure */ = {
			isa = PBXGroup;
			children = (
				DCB02B752502809200304964 /* RootView.swift */,
				DC24DF3825DD54780003ADCB /* LeftSidebarView.swift */,
			);
			path = Structure;
			sourceTree = "<group>";
		};
		DC5098C725AE3B3C00E568F5 /* AppSidebar */ = {
			isa = PBXGroup;
			children = (
				DC25A6482570108E00EE84DA /* InsightEditor.swift */,
				DC25A63F256ED12100EE84DA /* InsightGroupEditor.swift */,
				DC98AAB9250A672300FF26FD /* App Settings */,
				DCB02B67250027E400304964 /* Signals */,
				DCF7CD3E254A068500BFA23B /* Lexicon */,
			);
			path = AppSidebar;
			sourceTree = "<group>";
		};
		DC53393E25222C0900D9C889 /* Insight and Groups */ = {
			isa = PBXGroup;
			children = (
				DC53393F25222C2F00D9C889 /* InsightGroupList.swift */,
				DCB28D6B2550AF0B0032B9AD /* InsightsGrid.swift */,
				DC53394425222FC600D9C889 /* NewInsightGroupView.swift */,
				DC23286C2522725A00DB6145 /* InsightView.swift */,
				DC5F3A8825A364C00057AA59 /* EmptyInsightGroupView.swift */,
			);
			path = "Insight and Groups";
			sourceTree = "<group>";
		};
		DC591394252DF93F007360A9 /* Charts */ = {
			isa = PBXGroup;
			children = (
				DC83C858256A857300FCF2A1 /* RawChartView.swift */,
				DC25A58C256BF1D800EE84DA /* BarChartView.swift */,
				DC4E2F632563FA47001AD7B4 /* LineChartView.swift */,
				DC591397252DF975007360A9 /* DonutChartView.swift */,
				DC25A5AB256C0C2000EE84DA /* ChartBottomView.swift */,
				DC92395625E5B2DE00D1729C /* ChartRangeView.swift */,
			);
			path = Charts;
			sourceTree = "<group>";
		};
		DC627EEA25A35B5E00C1DF33 /* App */ = {
			isa = PBXGroup;
			children = (
				DC24DF4425DD54D90003ADCB /* AppRootViewMacOS.swift */,
				DC24DF6525DD73990003ADCB /* AppRootViewIOS.swift */,
				DC24DF4D25DD58A80003ADCB /* InsightGroupView.swift */,
				DC25A615256DBC3B00EE84DA /* AppRootSidebarSection.swift */,
				DC627EEE25A35B6A00C1DF33 /* EmptyAppView.swift */,
				DC627EF425A35B8500C1DF33 /* AppRootSidebar.swift */,
				DCFCDCBD25DD82BF00ACC529 /* NewInsightEditor.swift */,
				DCB5F9F525F29BF4004C4922 /* NewInsightGroupEditor.swift */,
			);
			path = App;
			sourceTree = "<group>";
		};
		DC90D08925063A5700634B72 /* Settings */ = {
			isa = PBXGroup;
			children = (
				DC90D08A25063A6B00634B72 /* UserSettingsView.swift */,
				DC4F7DB925067C3000B54561 /* OrganizationSettingsView.swift */,
				DC9A92C0255C6A6900E92C89 /* CreateOrganizationJoinRequestView.swift */,
			);
			path = Settings;
			sourceTree = "<group>";
		};
		DC98AAB9250A672300FF26FD /* App Settings */ = {
			isa = PBXGroup;
			children = (
				DC98AAB6250A671900FF26FD /* AppEditor.swift */,
			);
			path = "App Settings";
			sourceTree = "<group>";
		};
		DC9C0840252CEAC9001C0F94 /* Frameworks */ = {
			isa = PBXGroup;
			children = (
				DCD86AE8254EF0B5008F63CB /* WidgetKit.framework */,
				DCD86AEA254EF0B5008F63CB /* SwiftUI.framework */,
			);
			name = Frameworks;
			sourceTree = "<group>";
		};
		DCB02B65250027C700304964 /* Models */ = {
			isa = PBXGroup;
			children = (
				DC45BAED24DFF895004E6392 /* Models.swift */,
				DCB02B7B25038F4600304964 /* APIRepresentative.swift */,
				DC7DEEAB258A3B9B00BEA712 /* AppUpdater.swift */,
				DCB02B7E25038F5000304964 /* MockData.swift */,
				DC7C540B250FB0BA0027D6A5 /* JSONDecoder.swift */,
				DCFD9CCF252A344F002BD29F /* Publisher+Validation.swift */,
			);
			path = Models;
			sourceTree = "<group>";
		};
		DCB02B67250027E400304964 /* Signals */ = {
			isa = PBXGroup;
			children = (
				DC815F3B24E283640095A047 /* SignalList.swift */,
				DC45BB1B24E27F12004E6392 /* SignalView.swift */,
				DCDC6EF7253ECA7E0012D9A7 /* KeyValueView.swift */,
			);
			path = Signals;
			sourceTree = "<group>";
		};
		DCB02B692502764200304964 /* Login Register */ = {
			isa = PBXGroup;
			children = (
				DCA10F7A24DA722700A62C26 /* RegisterView.swift */,
				DCB02B712502781A00304964 /* LoginView.swift */,
				DC9A92BA255C3E8E00E92C89 /* JoinOrganizationView.swift */,
			);
			path = "Login Register";
			sourceTree = "<group>";
		};
		DCB02B70250277C300304964 /* Generic Views */ = {
			isa = PBXGroup;
			children = (
				DC4E2F542563290F001AD7B4 /* SingleKeyValueView.swift */,
				DCC8CB66256308250019267A /* MacNavigationView.swift */,
				DCB28D7425517A4B0032B9AD /* ListItemView.swift */,
				DCB02B5C25001A2600304964 /* DashedCardView.swift */,
				DC5339352521CE6200D9C889 /* CardView.swift */,
				DCB02B6D250277A700304964 /* AdaptiveStack.swift */,
				DC415C0D2531F6C300D8D0B1 /* Color.swift */,
				DCB28D7D25517EDD0032B9AD /* Helpers.swift */,
				DCC8CB5A2562DC8D0019267A /* Buttonstyles.swift */,
				DC4E2F6C25641BF1001AD7B4 /* RoundedCorners.swift */,
				DC25A5DF256D844300EE84DA /* DetailSidebar.swift */,
				DC25A639256ED03500EE84DA /* Binding+OnUpdate.swift */,
				DC25A64E2571680900EE84DA /* CustomSection.swift */,
				DCF5583A25B08BE3007C8F8F /* OrderSetter.swift */,
				DCF8978A25C8726600E0BE57 /* ValueView.swift */,
			);
			path = "Generic Views";
			sourceTree = "<group>";
		};
		DCB1A3C92549C936000C6575 /* Administration */ = {
			isa = PBXGroup;
			children = (
				DCB1A3CA2549C94D000C6575 /* BetaRequestsList.swift */,
				DC8FAD6B257E84BC0019A186 /* OrganizationAdmin.swift */,
				DCF8977E25C833A000E0BE57 /* InsightQueryAdmin.swift */,
				DC347301258D026E00BEEDE0 /* DebugView.swift */,
			);
			path = Administration;
			sourceTree = "<group>";
		};
		DCB5F9F425F294C9004C4922 /* Favourites */ = {
			isa = PBXGroup;
			children = (
				DCB5F9F125F294C6004C4922 /* FavouritesView.swift */,
			);
			path = Favourites;
			sourceTree = "<group>";
		};
		DCD52C4E2541FFF0003F12C6 /* Helpers + Extensions */ = {
			isa = PBXGroup;
			children = (
				DCCD4818253D9E870098EC95 /* Formatter+ISO.swift */,
				DCDC6F0B253EEB9B0012D9A7 /* Optional+Bound.swift */,
				DCDC6F12253EECA90012D9A7 /* Numbers+Bound.swift */,
				DCD52C492541FFE3003F12C6 /* ColSpan.swift */,
				DC8FAD5C257E5C360019A186 /* String+CamelCase.swift */,
				DC4504F925C4940E0031C7FD /* BigNumberFormatter.swift */,
				DC0CCF6925F02F91008EB297 /* NSView+FindViews.swift */,
				DC0CCF7525F03052008EB297 /* View+toggleSidebar.swift */,
			);
			path = "Helpers + Extensions";
			sourceTree = "<group>";
		};
		DCD86AEC254EF0B5008F63CB /* TelemetryWidget */ = {
			isa = PBXGroup;
			children = (
				DCD86AED254EF0B5008F63CB /* TelemetryWidget.swift */,
				DCB28D8C2551C3330032B9AD /* TelemetryWidget.intentdefinition */,
				DCD86AF0254EF0B6008F63CB /* Assets.xcassets */,
				DCD86AF2254EF0B6008F63CB /* Info.plist */,
			);
			path = TelemetryWidget;
			sourceTree = "<group>";
		};
		DCE239F624D3687C00053370 = {
			isa = PBXGroup;
			children = (
				DCE239FB24D3687C00053370 /* Shared */,
				DCE23A0524D3687D00053370 /* iOS */,
				DCE23A0C24D3687D00053370 /* macOS */,
				DCD86AEC254EF0B5008F63CB /* TelemetryWidget */,
				DCE23A0424D3687D00053370 /* Products */,
				DC9C0840252CEAC9001C0F94 /* Frameworks */,
			);
			sourceTree = "<group>";
		};
		DCE239FB24D3687C00053370 /* Shared */ = {
			isa = PBXGroup;
			children = (
				DCE239FC24D3687C00053370 /* Telemetry_ViewerApp_iOS.swift */,
				DC92395A25E5B5D600D1729C /* Telemetry_ViewerApp_macOS.swift */,
				DC24DF3125DD53E50003ADCB /* Structure */,
				DCD52C4E2541FFF0003F12C6 /* Helpers + Extensions */,
				DC98AABB250BC30200FF26FD /* Telemetry.swift */,
				DCC8CB752563103E0019267A /* Illustrations.xcassets */,
				DCE239FE24D3687D00053370 /* Assets.xcassets */,
				DCB02B65250027C700304964 /* Models */,
				DC45BB1824E1F01F004E6392 /* OldSidebarView.swift */,
				DCB02B692502764200304964 /* Login Register */,
				DC627EEA25A35B5E00C1DF33 /* App */,
				DC5098C725AE3B3C00E568F5 /* AppSidebar */,
				DCB02B70250277C300304964 /* Generic Views */,
				DC591394252DF93F007360A9 /* Charts */,
				DC53393E25222C0900D9C889 /* Insight and Groups */,
				DCB5F9F425F294C9004C4922 /* Favourites */,
				DC90D08925063A5700634B72 /* Settings */,
				DCB1A3C92549C936000C6575 /* Administration */,
				DC24DF3225DD54090003ADCB /* AppInfoView.swift */,
			);
			path = Shared;
			sourceTree = "<group>";
		};
		DCE23A0424D3687D00053370 /* Products */ = {
			isa = PBXGroup;
			children = (
				DCE23A0324D3687D00053370 /* Telemetry Viewer.app */,
				DCE23A0B24D3687D00053370 /* Telemetry Viewer.app */,
				DCD86AE7254EF0B5008F63CB /* TelemetryWidgetExtension.appex */,
			);
			name = Products;
			sourceTree = "<group>";
		};
		DCE23A0524D3687D00053370 /* iOS */ = {
			isa = PBXGroup;
			children = (
				DC9A92AF255C1CD100E92C89 /* AutoCompletingTextField.swift */,
				DCDC6EFE253EDA4C0012D9A7 /* FilterEditView.swift */,
				DCB02B6A2502773D00304964 /* WelcomeView.swift */,
				DCE23A0624D3687D00053370 /* Info.plist */,
			);
			path = iOS;
			sourceTree = "<group>";
		};
		DCE23A0C24D3687D00053370 /* macOS */ = {
			isa = PBXGroup;
			children = (
				DC7DEEB4258A3C2800BEA712 /* AppUpdateView.swift */,
				DCD49406255BFD3000925F5D /* AutoCompletingTextField.swift */,
				DCDC6F05253EE0620012D9A7 /* FilterEditView.swift */,
				DC340E5D2531C23800514FD6 /* InsightDetailView.swift */,
				DCD67BCE252DB40900A00C5B /* WelcomeView.swift */,
				DCE23A0D24D3687D00053370 /* Info.plist */,
				DCE23A0E24D3687D00053370 /* macOS.entitlements */,
			);
			path = macOS;
			sourceTree = "<group>";
		};
		DCF7CD3E254A068500BFA23B /* Lexicon */ = {
			isa = PBXGroup;
			children = (
				DCF7CD3F254A08B900BFA23B /* LexiconView.swift */,
				DCF7CD46254A0DB300BFA23B /* LexiconItemView.swift */,
			);
			path = Lexicon;
			sourceTree = "<group>";
		};
/* End PBXGroup section */

/* Begin PBXNativeTarget section */
		DCD86AE6254EF0B5008F63CB /* TelemetryWidgetExtension */ = {
			isa = PBXNativeTarget;
			buildConfigurationList = DCD86AFB254EF0B6008F63CB /* Build configuration list for PBXNativeTarget "TelemetryWidgetExtension" */;
			buildPhases = (
				DCD86AE3254EF0B5008F63CB /* Sources */,
				DCD86AE4254EF0B5008F63CB /* Frameworks */,
				DCD86AE5254EF0B5008F63CB /* Resources */,
				DC7DEE9E258A356B00BEA712 /* ShellScript */,
			);
			buildRules = (
			);
			dependencies = (
			);
			name = TelemetryWidgetExtension;
			productName = TelemetryWidgetExtension;
			productReference = DCD86AE7254EF0B5008F63CB /* TelemetryWidgetExtension.appex */;
			productType = "com.apple.product-type.app-extension";
		};
		DCE23A0224D3687D00053370 /* Telemetry Viewer (iOS) */ = {
			isa = PBXNativeTarget;
			buildConfigurationList = DCE23A1724D3687D00053370 /* Build configuration list for PBXNativeTarget "Telemetry Viewer (iOS)" */;
			buildPhases = (
				DCE239FF24D3687D00053370 /* Sources */,
				DCE23A0024D3687D00053370 /* Frameworks */,
				DCE23A0124D3687D00053370 /* Resources */,
				DCD86AF8254EF0B6008F63CB /* Embed App Extensions */,
				DC7DEE9D258A355F00BEA712 /* ShellScript */,
			);
			buildRules = (
			);
			dependencies = (
				DCD86AF6254EF0B6008F63CB /* PBXTargetDependency */,
			);
			name = "Telemetry Viewer (iOS)";
			packageProductDependencies = (
				DC9C0830252CD622001C0F94 /* TelemetryClient */,
			);
			productName = "Telemetry Viewer (iOS)";
			productReference = DCE23A0324D3687D00053370 /* Telemetry Viewer.app */;
			productType = "com.apple.product-type.application";
		};
		DCE23A0A24D3687D00053370 /* Telemetry Viewer (macOS) */ = {
			isa = PBXNativeTarget;
			buildConfigurationList = DCE23A1A24D3687D00053370 /* Build configuration list for PBXNativeTarget "Telemetry Viewer (macOS)" */;
			buildPhases = (
				DCE23A0724D3687D00053370 /* Sources */,
				DCE23A0824D3687D00053370 /* Frameworks */,
				DCE23A0924D3687D00053370 /* Resources */,
				DC7DEE8A258A334900BEA712 /* ShellScript */,
			);
			buildRules = (
			);
			dependencies = (
			);
			name = "Telemetry Viewer (macOS)";
			packageProductDependencies = (
				DC9C0841252CEAC9001C0F94 /* TelemetryClient */,
			);
			productName = "Telemetry Viewer (macOS)";
			productReference = DCE23A0B24D3687D00053370 /* Telemetry Viewer.app */;
			productType = "com.apple.product-type.application";
		};
/* End PBXNativeTarget section */

/* Begin PBXProject section */
		DCE239F724D3687C00053370 /* Project object */ = {
			isa = PBXProject;
			attributes = {
				LastSwiftUpdateCheck = 1220;
				LastUpgradeCheck = 1200;
				TargetAttributes = {
					DCD86AE6254EF0B5008F63CB = {
						CreatedOnToolsVersion = 12.2;
					};
					DCE23A0224D3687D00053370 = {
						CreatedOnToolsVersion = 12.0;
					};
					DCE23A0A24D3687D00053370 = {
						CreatedOnToolsVersion = 12.0;
					};
				};
			};
			buildConfigurationList = DCE239FA24D3687C00053370 /* Build configuration list for PBXProject "Telemetry Viewer" */;
			compatibilityVersion = "Xcode 9.3";
			developmentRegion = en;
			hasScannedForEncodings = 0;
			knownRegions = (
				en,
				Base,
			);
			mainGroup = DCE239F624D3687C00053370;
			packageReferences = (
				DC9C082F252CD622001C0F94 /* XCRemoteSwiftPackageReference "SwiftClient" */,
			);
			productRefGroup = DCE23A0424D3687D00053370 /* Products */;
			projectDirPath = "";
			projectRoot = "";
			targets = (
				DCE23A0224D3687D00053370 /* Telemetry Viewer (iOS) */,
				DCE23A0A24D3687D00053370 /* Telemetry Viewer (macOS) */,
				DCD86AE6254EF0B5008F63CB /* TelemetryWidgetExtension */,
			);
		};
/* End PBXProject section */

/* Begin PBXResourcesBuildPhase section */
		DCD86AE5254EF0B5008F63CB /* Resources */ = {
			isa = PBXResourcesBuildPhase;
			buildActionMask = 2147483647;
			files = (
				DCD86AF1254EF0B6008F63CB /* Assets.xcassets in Resources */,
			);
			runOnlyForDeploymentPostprocessing = 0;
		};
		DCE23A0124D3687D00053370 /* Resources */ = {
			isa = PBXResourcesBuildPhase;
			buildActionMask = 2147483647;
			files = (
				DCC8CB762563103E0019267A /* Illustrations.xcassets in Resources */,
				DCE23A1324D3687D00053370 /* Assets.xcassets in Resources */,
			);
			runOnlyForDeploymentPostprocessing = 0;
		};
		DCE23A0924D3687D00053370 /* Resources */ = {
			isa = PBXResourcesBuildPhase;
			buildActionMask = 2147483647;
			files = (
				DCC8CB772563103E0019267A /* Illustrations.xcassets in Resources */,
				DCE23A1424D3687D00053370 /* Assets.xcassets in Resources */,
			);
			runOnlyForDeploymentPostprocessing = 0;
		};
/* End PBXResourcesBuildPhase section */

/* Begin PBXShellScriptBuildPhase section */
		DC7DEE8A258A334900BEA712 /* ShellScript */ = {
			isa = PBXShellScriptBuildPhase;
			buildActionMask = 2147483647;
			files = (
			);
			inputFileListPaths = (
			);
			inputPaths = (
			);
			outputFileListPaths = (
			);
			outputPaths = (
			);
			runOnlyForDeploymentPostprocessing = 0;
			shellPath = /bin/sh;
			shellScript = "# Use Xcode's copy of the Git binary\nGIT=`xcrun -find git`\n\n# Use the commit count as CFBundleVersion\nGIT_COMMIT_COUNT=`${GIT} rev-list --count HEAD`\n/usr/libexec/PlistBuddy -c \"Set :CFBundleVersion ${GIT_COMMIT_COUNT}\" \"${BUILT_PRODUCTS_DIR}/${INFOPLIST_PATH}\"\n";
		};
		DC7DEE9D258A355F00BEA712 /* ShellScript */ = {
			isa = PBXShellScriptBuildPhase;
			alwaysOutOfDate = 1;
			buildActionMask = 2147483647;
			files = (
			);
			inputFileListPaths = (
			);
			inputPaths = (
			);
			outputFileListPaths = (
			);
			outputPaths = (
			);
			runOnlyForDeploymentPostprocessing = 0;
			shellPath = /bin/sh;
			shellScript = "# Use Xcode's copy of the Git binary\nGIT=`xcrun -find git`\n\n# Use the commit count as CFBundleVersion\nGIT_COMMIT_COUNT=`${GIT} rev-list --count HEAD`\n/usr/libexec/PlistBuddy -c \"Set :CFBundleVersion ${GIT_COMMIT_COUNT}\" \"${BUILT_PRODUCTS_DIR}/${INFOPLIST_PATH}\"\n\necho \"${BUILT_PRODUCTS_DIR}/${INFOPLIST_PATH}\"\n";
		};
		DC7DEE9E258A356B00BEA712 /* ShellScript */ = {
			isa = PBXShellScriptBuildPhase;
			alwaysOutOfDate = 1;
			buildActionMask = 2147483647;
			files = (
			);
			inputFileListPaths = (
			);
			inputPaths = (
			);
			outputFileListPaths = (
			);
			outputPaths = (
			);
			runOnlyForDeploymentPostprocessing = 0;
			shellPath = /bin/sh;
			shellScript = "# Use Xcode's copy of the Git binary\nGIT=`xcrun -find git`\n\n# Use the commit count as CFBundleVersion\nGIT_COMMIT_COUNT=`${GIT} rev-list --count HEAD`\n/usr/libexec/PlistBuddy -c \"Set :CFBundleVersion ${GIT_COMMIT_COUNT}\" \"${BUILT_PRODUCTS_DIR}/${INFOPLIST_PATH}\"\n\necho \"${BUILT_PRODUCTS_DIR}/${INFOPLIST_PATH}\"\n";
		};
/* End PBXShellScriptBuildPhase section */

/* Begin PBXSourcesBuildPhase section */
		DCD86AE3254EF0B5008F63CB /* Sources */ = {
			isa = PBXSourcesBuildPhase;
			buildActionMask = 2147483647;
			files = (
				DCD86AFF254EF456008F63CB /* Models.swift in Sources */,
				DC4504FC25C4940E0031C7FD /* BigNumberFormatter.swift in Sources */,
				DC25A5A7256C0B1B00EE84DA /* Numbers+Bound.swift in Sources */,
				DC25A57B256BBD5800EE84DA /* JSONDecoder.swift in Sources */,
				DC25A59F256C0AE400EE84DA /* RawChartView.swift in Sources */,
				DC83C862256A85BD00FCF2A1 /* LineChartView.swift in Sources */,
				DC25A5A3256C0AFE00EE84DA /* RoundedCorners.swift in Sources */,
				DCD86B03254EF470008F63CB /* MockData.swift in Sources */,
				DC25A573256A87D600EE84DA /* Color.swift in Sources */,
				DC92395925E5B2DE00D1729C /* ChartRangeView.swift in Sources */,
				DCB28D8A2551C3330032B9AD /* TelemetryWidget.intentdefinition in Sources */,
				DCD86AEE254EF0B5008F63CB /* TelemetryWidget.swift in Sources */,
				DC25A5AE256C0C2000EE84DA /* ChartBottomView.swift in Sources */,
				DC25A58F256BF1D800EE84DA /* BarChartView.swift in Sources */,
				DC25A582256BC3AD00EE84DA /* Formatter+ISO.swift in Sources */,
				DC25A577256BBCF700EE84DA /* APIRepresentative.swift in Sources */,
			);
			runOnlyForDeploymentPostprocessing = 0;
		};
		DCE239FF24D3687D00053370 /* Sources */ = {
			isa = PBXSourcesBuildPhase;
			buildActionMask = 2147483647;
			files = (
				DC25A640256ED12100EE84DA /* InsightGroupEditor.swift in Sources */,
				DC4E2F6D25641BF1001AD7B4 /* RoundedCorners.swift in Sources */,
				DC92395725E5B2DE00D1729C /* ChartRangeView.swift in Sources */,
				DC23286D2522725A00DB6145 /* InsightView.swift in Sources */,
				DCD52C4A2541FFE3003F12C6 /* ColSpan.swift in Sources */,
				DC90D08B25063A6B00634B72 /* UserSettingsView.swift in Sources */,
				DC24DF6625DD73990003ADCB /* AppRootViewIOS.swift in Sources */,
				DC415C0E2531F6C300D8D0B1 /* Color.swift in Sources */,
				DCB02B722502781A00304964 /* LoginView.swift in Sources */,
				DCF8978625C8345E00E0BE57 /* InsightQueryAdmin.swift in Sources */,
				DCB5F9F225F294C6004C4922 /* FavouritesView.swift in Sources */,
				DC53394625222FC600D9C889 /* NewInsightGroupView.swift in Sources */,
				DC4F7DBA25067C3000B54561 /* OrganizationSettingsView.swift in Sources */,
				DC7C540C250FB0BA0027D6A5 /* JSONDecoder.swift in Sources */,
				DCB5F9F625F29BF4004C4922 /* NewInsightGroupEditor.swift in Sources */,
				DC25A5AC256C0C2000EE84DA /* ChartBottomView.swift in Sources */,
				DCA10F7B24DA722700A62C26 /* RegisterView.swift in Sources */,
				DCE23A0F24D3687D00053370 /* Telemetry_ViewerApp_iOS.swift in Sources */,
				DC7DEEC0258A453A00BEA712 /* OldSidebarView.swift in Sources */,
				DC25A6492570108E00EE84DA /* InsightEditor.swift in Sources */,
				DCF7CD40254A08B900BFA23B /* LexiconView.swift in Sources */,
				DCDC6EF8253ECA7E0012D9A7 /* KeyValueView.swift in Sources */,
				DCDC6F13253EECA90012D9A7 /* Numbers+Bound.swift in Sources */,
				DCB02B7F25038F5000304964 /* MockData.swift in Sources */,
				DCB02B762502809200304964 /* RootView.swift in Sources */,
				DCB28D7525517A4B0032B9AD /* ListItemView.swift in Sources */,
				DC25A58D256BF1D800EE84DA /* BarChartView.swift in Sources */,
				DC5339372521CE6200D9C889 /* CardView.swift in Sources */,
				DC24DF3325DD54090003ADCB /* AppInfoView.swift in Sources */,
				DC98AAB7250A671900FF26FD /* AppEditor.swift in Sources */,
				DC24DF4E25DD58A80003ADCB /* InsightGroupView.swift in Sources */,
				DC347302258D026E00BEEDE0 /* DebugView.swift in Sources */,
				DC98AABC250BC30200FF26FD /* Telemetry.swift in Sources */,
				DC9A92B0255C1CD100E92C89 /* AutoCompletingTextField.swift in Sources */,
				DC627EEF25A35B6A00C1DF33 /* EmptyAppView.swift in Sources */,
				DCB02B6B2502773D00304964 /* WelcomeView.swift in Sources */,
				DC4E2F552563292C001AD7B4 /* SingleKeyValueView.swift in Sources */,
				DCB28D7E25517EDD0032B9AD /* Helpers.swift in Sources */,
				DC9A92C1255C6A6900E92C89 /* CreateOrganizationJoinRequestView.swift in Sources */,
				DCB02B6E250277A700304964 /* AdaptiveStack.swift in Sources */,
				DC45BB1C24E27F12004E6392 /* SignalView.swift in Sources */,
				DCF5583B25B08BE3007C8F8F /* OrderSetter.swift in Sources */,
				DCC8CB5B2562DC8D0019267A /* Buttonstyles.swift in Sources */,
				DCFCDCBE25DD82BF00ACC529 /* NewInsightEditor.swift in Sources */,
				DC591398252DF975007360A9 /* DonutChartView.swift in Sources */,
				DC8FAD6C257E84BC0019A186 /* OrganizationAdmin.swift in Sources */,
				DC815F3C24E283640095A047 /* SignalList.swift in Sources */,
				DCF8978B25C8726600E0BE57 /* ValueView.swift in Sources */,
				DCB28D892551C3330032B9AD /* TelemetryWidget.intentdefinition in Sources */,
				DCCD4819253D9E870098EC95 /* Formatter+ISO.swift in Sources */,
				DCDC6F0C253EEB9B0012D9A7 /* Optional+Bound.swift in Sources */,
				DC53394025222C2F00D9C889 /* InsightGroupList.swift in Sources */,
				DC5F3A8925A364C00057AA59 /* EmptyInsightGroupView.swift in Sources */,
				DCF7CD47254A0DB300BFA23B /* LexiconItemView.swift in Sources */,
				DC25A64F2571680900EE84DA /* CustomSection.swift in Sources */,
				DC4E2F642563FA48001AD7B4 /* LineChartView.swift in Sources */,
				DCB28D6C2550AF0B0032B9AD /* InsightsGrid.swift in Sources */,
				DCDC6EFF253EDA4C0012D9A7 /* FilterEditView.swift in Sources */,
				DC24DF3925DD54780003ADCB /* LeftSidebarView.swift in Sources */,
				DCFD9CD0252A344F002BD29F /* Publisher+Validation.swift in Sources */,
				DC45BAEE24DFF895004E6392 /* Models.swift in Sources */,
				DCB02B5D25001A2600304964 /* DashedCardView.swift in Sources */,
				DC25A63A256ED03500EE84DA /* Binding+OnUpdate.swift in Sources */,
				DC8FAD5D257E5C360019A186 /* String+CamelCase.swift in Sources */,
				DC4504FA25C4940E0031C7FD /* BigNumberFormatter.swift in Sources */,
				DC92395E25E5B67500D1729C /* AppRootSidebarSection.swift in Sources */,
				DC9A92BB255C3E8E00E92C89 /* JoinOrganizationView.swift in Sources */,
				DC627EF525A35B8500C1DF33 /* AppRootSidebar.swift in Sources */,
				DC83C859256A857300FCF2A1 /* RawChartView.swift in Sources */,
				DCB1A3CB2549C94D000C6575 /* BetaRequestsList.swift in Sources */,
				DCB02B7C25038F4600304964 /* APIRepresentative.swift in Sources */,
				DC25A5E0256D844300EE84DA /* DetailSidebar.swift in Sources */,
			);
			runOnlyForDeploymentPostprocessing = 0;
		};
		DCE23A0724D3687D00053370 /* Sources */ = {
			isa = PBXSourcesBuildPhase;
			buildActionMask = 2147483647;
			files = (
				DC23286E2522725A00DB6145 /* InsightView.swift in Sources */,
				DCD52C4B2541FFE3003F12C6 /* ColSpan.swift in Sources */,
				DC90D08C25063A6B00634B72 /* UserSettingsView.swift in Sources */,
				DC5F3A8A25A364C00057AA59 /* EmptyInsightGroupView.swift in Sources */,
				DC415C0F2531F6C300D8D0B1 /* Color.swift in Sources */,
				DCB5F9F325F294C6004C4922 /* FavouritesView.swift in Sources */,
				DC8FAD6D257E84BC0019A186 /* OrganizationAdmin.swift in Sources */,
				DC4E2F592563292D001AD7B4 /* SingleKeyValueView.swift in Sources */,
				DCB5F9F725F29BF4004C4922 /* NewInsightGroupEditor.swift in Sources */,
				DCB02B732502781A00304964 /* LoginView.swift in Sources */,
				DC53394525222FC600D9C889 /* NewInsightGroupView.swift in Sources */,
				DC4F7DBB25067C3000B54561 /* OrganizationSettingsView.swift in Sources */,
				DC92395B25E5B5D600D1729C /* Telemetry_ViewerApp_macOS.swift in Sources */,
				DC7C540D250FB0BA0027D6A5 /* JSONDecoder.swift in Sources */,
				DC25A6502571680900EE84DA /* CustomSection.swift in Sources */,
				DC25A5AD256C0C2000EE84DA /* ChartBottomView.swift in Sources */,
				DC25A641256ED12100EE84DA /* InsightGroupEditor.swift in Sources */,
				DC45BB1724DFFB19004E6392 /* RegisterView.swift in Sources */,
				DC45BB1A24E1F01F004E6392 /* OldSidebarView.swift in Sources */,
				DCF7CD43254A092100BFA23B /* LexiconView.swift in Sources */,
				DCDC6EF9253ECA7E0012D9A7 /* KeyValueView.swift in Sources */,
				DCDC6F14253EECA90012D9A7 /* Numbers+Bound.swift in Sources */,
				DCB28D7625517A4B0032B9AD /* ListItemView.swift in Sources */,
				DCB02B8025038F5000304964 /* MockData.swift in Sources */,
				DC25A58E256BF1D800EE84DA /* BarChartView.swift in Sources */,
				DC4E2F6E25641BF1001AD7B4 /* RoundedCorners.swift in Sources */,
				DC92395D25E5B67500D1729C /* AppRootSidebarSection.swift in Sources */,
				DC8FAD61257E5C910019A186 /* String+CamelCase.swift in Sources */,
				DCB02B772502809200304964 /* RootView.swift in Sources */,
				DCC8CB67256308330019267A /* MacNavigationView.swift in Sources */,
				DC24DF3A25DD54780003ADCB /* LeftSidebarView.swift in Sources */,
				DC5339362521CE6200D9C889 /* CardView.swift in Sources */,
				DCD49407255BFD3000925F5D /* AutoCompletingTextField.swift in Sources */,
				DC3472EB258A720500BEEDE0 /* AppUpdater.swift in Sources */,
				DCD67BCF252DB40B00A00C5B /* WelcomeView.swift in Sources */,
				DCB28D7F25517EDD0032B9AD /* Helpers.swift in Sources */,
				DC9A92C2255C6A6900E92C89 /* CreateOrganizationJoinRequestView.swift in Sources */,
				DC627EF625A35B8500C1DF33 /* AppRootSidebar.swift in Sources */,
				DC98AAB8250A671900FF26FD /* AppEditor.swift in Sources */,
				DC0CCF7D25F0306A008EB297 /* View+toggleSidebar.swift in Sources */,
				DC98AABD250BC30200FF26FD /* Telemetry.swift in Sources */,
				DCB02B6F250277A700304964 /* AdaptiveStack.swift in Sources */,
				DCC8CB5C2562DC8D0019267A /* Buttonstyles.swift in Sources */,
				DC45BB1D24E27F12004E6392 /* SignalView.swift in Sources */,
				DC591399252DF975007360A9 /* DonutChartView.swift in Sources */,
				DCCD481A253D9E870098EC95 /* Formatter+ISO.swift in Sources */,
				DCF5583C25B08BE3007C8F8F /* OrderSetter.swift in Sources */,
				DCDC6F0D253EEB9B0012D9A7 /* Optional+Bound.swift in Sources */,
				DC0CCF6E25F02FA9008EB297 /* NSView+FindViews.swift in Sources */,
				DC340E602531C23800514FD6 /* InsightDetailView.swift in Sources */,
				DC4504FB25C4940E0031C7FD /* BigNumberFormatter.swift in Sources */,
				DC25A64A2570108E00EE84DA /* InsightEditor.swift in Sources */,
				DCF7CD48254A0DB300BFA23B /* LexiconItemView.swift in Sources */,
				DC24DF3425DD54090003ADCB /* AppInfoView.swift in Sources */,
				DC92395825E5B2DE00D1729C /* ChartRangeView.swift in Sources */,
				DC7DEEB6258A3C2800BEA712 /* AppUpdateView.swift in Sources */,
				DC25A63B256ED03500EE84DA /* Binding+OnUpdate.swift in Sources */,
				DC815F3D24E283640095A047 /* SignalList.swift in Sources */,
				DCB28D6D2550AF0B0032B9AD /* InsightsGrid.swift in Sources */,
				DCDC6F06253EE0620012D9A7 /* FilterEditView.swift in Sources */,
				DCF8978C25C8726600E0BE57 /* ValueView.swift in Sources */,
				DCF8978225C8345E00E0BE57 /* InsightQueryAdmin.swift in Sources */,
				DC53394125222C2F00D9C889 /* InsightGroupList.swift in Sources */,
				DC24DF4625DD54D90003ADCB /* AppRootViewMacOS.swift in Sources */,
				DC4E2F652563FA48001AD7B4 /* LineChartView.swift in Sources */,
				DC347303258D026E00BEEDE0 /* DebugView.swift in Sources */,
				DCFD9CD1252A344F002BD29F /* Publisher+Validation.swift in Sources */,
				DC9A92BC255C3E8E00E92C89 /* JoinOrganizationView.swift in Sources */,
				DC45BAEF24DFF895004E6392 /* Models.swift in Sources */,
				DCFCDCBF25DD82BF00ACC529 /* NewInsightEditor.swift in Sources */,
				DCB1A3CC2549C94D000C6575 /* BetaRequestsList.swift in Sources */,
				DC25A5E1256D844300EE84DA /* DetailSidebar.swift in Sources */,
				DCB02B5E25001A2600304964 /* DashedCardView.swift in Sources */,
				DCB02B7D25038F4600304964 /* APIRepresentative.swift in Sources */,
				DC627EF025A35B6A00C1DF33 /* EmptyAppView.swift in Sources */,
				DC83C85A256A857300FCF2A1 /* RawChartView.swift in Sources */,
				DC24DF4F25DD58A80003ADCB /* InsightGroupView.swift in Sources */,
			);
			runOnlyForDeploymentPostprocessing = 0;
		};
/* End PBXSourcesBuildPhase section */

/* Begin PBXTargetDependency section */
		DCD86AF6254EF0B6008F63CB /* PBXTargetDependency */ = {
			isa = PBXTargetDependency;
			target = DCD86AE6254EF0B5008F63CB /* TelemetryWidgetExtension */;
			targetProxy = DCD86AF5254EF0B6008F63CB /* PBXContainerItemProxy */;
		};
/* End PBXTargetDependency section */

/* Begin PBXVariantGroup section */
		DCB28D8C2551C3330032B9AD /* TelemetryWidget.intentdefinition */ = {
			isa = PBXVariantGroup;
			children = (
				DCB28D8B2551C3330032B9AD /* Base */,
				DCB28D912551C3420032B9AD /* en */,
			);
			name = TelemetryWidget.intentdefinition;
			sourceTree = "<group>";
		};
/* End PBXVariantGroup section */

/* Begin XCBuildConfiguration section */
		DCD86AF9254EF0B6008F63CB /* Debug */ = {
			isa = XCBuildConfiguration;
			buildSettings = {
				ASSETCATALOG_COMPILER_GLOBAL_ACCENT_COLOR_NAME = AccentColor;
				ASSETCATALOG_COMPILER_WIDGET_BACKGROUND_COLOR_NAME = WidgetBackground;
				CODE_SIGN_STYLE = Automatic;
				CURRENT_PROJECT_VERSION = 25;
				DEVELOPMENT_TEAM = FL4V655A94;
				INFOPLIST_FILE = TelemetryWidget/Info.plist;
				IPHONEOS_DEPLOYMENT_TARGET = 14.2;
				LD_RUNPATH_SEARCH_PATHS = (
					"$(inherited)",
					"@executable_path/Frameworks",
					"@executable_path/../../Frameworks",
				);
				MARKETING_VERSION = 1.0.0;
				PRODUCT_BUNDLE_IDENTIFIER = org.breakthesystem.telemetry.TelemetryWidget;
				PRODUCT_NAME = "$(TARGET_NAME)";
				SDKROOT = iphoneos;
				SKIP_INSTALL = YES;
				SWIFT_VERSION = 5.0;
				TARGETED_DEVICE_FAMILY = "1,2";
			};
			name = Debug;
		};
		DCD86AFA254EF0B6008F63CB /* Release */ = {
			isa = XCBuildConfiguration;
			buildSettings = {
				ASSETCATALOG_COMPILER_GLOBAL_ACCENT_COLOR_NAME = AccentColor;
				ASSETCATALOG_COMPILER_WIDGET_BACKGROUND_COLOR_NAME = WidgetBackground;
				CODE_SIGN_STYLE = Automatic;
				CURRENT_PROJECT_VERSION = 25;
				DEVELOPMENT_TEAM = FL4V655A94;
				INFOPLIST_FILE = TelemetryWidget/Info.plist;
				IPHONEOS_DEPLOYMENT_TARGET = 14.2;
				LD_RUNPATH_SEARCH_PATHS = (
					"$(inherited)",
					"@executable_path/Frameworks",
					"@executable_path/../../Frameworks",
				);
				MARKETING_VERSION = 1.0.0;
				PRODUCT_BUNDLE_IDENTIFIER = org.breakthesystem.telemetry.TelemetryWidget;
				PRODUCT_NAME = "$(TARGET_NAME)";
				SDKROOT = iphoneos;
				SKIP_INSTALL = YES;
				SWIFT_VERSION = 5.0;
				TARGETED_DEVICE_FAMILY = "1,2";
				VALIDATE_PRODUCT = YES;
			};
			name = Release;
		};
		DCE23A1524D3687D00053370 /* Debug */ = {
			isa = XCBuildConfiguration;
			buildSettings = {
				ALWAYS_SEARCH_USER_PATHS = NO;
				CLANG_ANALYZER_NONNULL = YES;
				CLANG_ANALYZER_NUMBER_OBJECT_CONVERSION = YES_AGGRESSIVE;
				CLANG_CXX_LANGUAGE_STANDARD = "gnu++14";
				CLANG_CXX_LIBRARY = "libc++";
				CLANG_ENABLE_MODULES = YES;
				CLANG_ENABLE_OBJC_ARC = YES;
				CLANG_ENABLE_OBJC_WEAK = YES;
				CLANG_WARN_BLOCK_CAPTURE_AUTORELEASING = YES;
				CLANG_WARN_BOOL_CONVERSION = YES;
				CLANG_WARN_COMMA = YES;
				CLANG_WARN_CONSTANT_CONVERSION = YES;
				CLANG_WARN_DEPRECATED_OBJC_IMPLEMENTATIONS = YES;
				CLANG_WARN_DIRECT_OBJC_ISA_USAGE = YES_ERROR;
				CLANG_WARN_DOCUMENTATION_COMMENTS = YES;
				CLANG_WARN_EMPTY_BODY = YES;
				CLANG_WARN_ENUM_CONVERSION = YES;
				CLANG_WARN_INFINITE_RECURSION = YES;
				CLANG_WARN_INT_CONVERSION = YES;
				CLANG_WARN_NON_LITERAL_NULL_CONVERSION = YES;
				CLANG_WARN_OBJC_IMPLICIT_RETAIN_SELF = YES;
				CLANG_WARN_OBJC_LITERAL_CONVERSION = YES;
				CLANG_WARN_OBJC_ROOT_CLASS = YES_ERROR;
				CLANG_WARN_QUOTED_INCLUDE_IN_FRAMEWORK_HEADER = YES;
				CLANG_WARN_RANGE_LOOP_ANALYSIS = YES;
				CLANG_WARN_STRICT_PROTOTYPES = YES;
				CLANG_WARN_SUSPICIOUS_MOVE = YES;
				CLANG_WARN_UNGUARDED_AVAILABILITY = YES_AGGRESSIVE;
				CLANG_WARN_UNREACHABLE_CODE = YES;
				CLANG_WARN__DUPLICATE_METHOD_MATCH = YES;
				COPY_PHASE_STRIP = NO;
				DEBUG_INFORMATION_FORMAT = dwarf;
				ENABLE_STRICT_OBJC_MSGSEND = YES;
				ENABLE_TESTABILITY = YES;
				GCC_C_LANGUAGE_STANDARD = gnu11;
				GCC_DYNAMIC_NO_PIC = NO;
				GCC_NO_COMMON_BLOCKS = YES;
				GCC_OPTIMIZATION_LEVEL = 0;
				GCC_PREPROCESSOR_DEFINITIONS = (
					"DEBUG=1",
					"$(inherited)",
				);
				GCC_WARN_64_TO_32_BIT_CONVERSION = YES;
				GCC_WARN_ABOUT_RETURN_TYPE = YES_ERROR;
				GCC_WARN_UNDECLARED_SELECTOR = YES;
				GCC_WARN_UNINITIALIZED_AUTOS = YES_AGGRESSIVE;
				GCC_WARN_UNUSED_FUNCTION = YES;
				GCC_WARN_UNUSED_VARIABLE = YES;
				MTL_ENABLE_DEBUG_INFO = INCLUDE_SOURCE;
				MTL_FAST_MATH = YES;
				ONLY_ACTIVE_ARCH = YES;
				SWIFT_ACTIVE_COMPILATION_CONDITIONS = DEBUG;
				SWIFT_OPTIMIZATION_LEVEL = "-Onone";
			};
			name = Debug;
		};
		DCE23A1624D3687D00053370 /* Release */ = {
			isa = XCBuildConfiguration;
			buildSettings = {
				ALWAYS_SEARCH_USER_PATHS = NO;
				CLANG_ANALYZER_NONNULL = YES;
				CLANG_ANALYZER_NUMBER_OBJECT_CONVERSION = YES_AGGRESSIVE;
				CLANG_CXX_LANGUAGE_STANDARD = "gnu++14";
				CLANG_CXX_LIBRARY = "libc++";
				CLANG_ENABLE_MODULES = YES;
				CLANG_ENABLE_OBJC_ARC = YES;
				CLANG_ENABLE_OBJC_WEAK = YES;
				CLANG_WARN_BLOCK_CAPTURE_AUTORELEASING = YES;
				CLANG_WARN_BOOL_CONVERSION = YES;
				CLANG_WARN_COMMA = YES;
				CLANG_WARN_CONSTANT_CONVERSION = YES;
				CLANG_WARN_DEPRECATED_OBJC_IMPLEMENTATIONS = YES;
				CLANG_WARN_DIRECT_OBJC_ISA_USAGE = YES_ERROR;
				CLANG_WARN_DOCUMENTATION_COMMENTS = YES;
				CLANG_WARN_EMPTY_BODY = YES;
				CLANG_WARN_ENUM_CONVERSION = YES;
				CLANG_WARN_INFINITE_RECURSION = YES;
				CLANG_WARN_INT_CONVERSION = YES;
				CLANG_WARN_NON_LITERAL_NULL_CONVERSION = YES;
				CLANG_WARN_OBJC_IMPLICIT_RETAIN_SELF = YES;
				CLANG_WARN_OBJC_LITERAL_CONVERSION = YES;
				CLANG_WARN_OBJC_ROOT_CLASS = YES_ERROR;
				CLANG_WARN_QUOTED_INCLUDE_IN_FRAMEWORK_HEADER = YES;
				CLANG_WARN_RANGE_LOOP_ANALYSIS = YES;
				CLANG_WARN_STRICT_PROTOTYPES = YES;
				CLANG_WARN_SUSPICIOUS_MOVE = YES;
				CLANG_WARN_UNGUARDED_AVAILABILITY = YES_AGGRESSIVE;
				CLANG_WARN_UNREACHABLE_CODE = YES;
				CLANG_WARN__DUPLICATE_METHOD_MATCH = YES;
				COPY_PHASE_STRIP = NO;
				DEBUG_INFORMATION_FORMAT = "dwarf-with-dsym";
				ENABLE_NS_ASSERTIONS = NO;
				ENABLE_STRICT_OBJC_MSGSEND = YES;
				GCC_C_LANGUAGE_STANDARD = gnu11;
				GCC_NO_COMMON_BLOCKS = YES;
				GCC_WARN_64_TO_32_BIT_CONVERSION = YES;
				GCC_WARN_ABOUT_RETURN_TYPE = YES_ERROR;
				GCC_WARN_UNDECLARED_SELECTOR = YES;
				GCC_WARN_UNINITIALIZED_AUTOS = YES_AGGRESSIVE;
				GCC_WARN_UNUSED_FUNCTION = YES;
				GCC_WARN_UNUSED_VARIABLE = YES;
				MTL_ENABLE_DEBUG_INFO = NO;
				MTL_FAST_MATH = YES;
				SWIFT_COMPILATION_MODE = wholemodule;
				SWIFT_OPTIMIZATION_LEVEL = "-O";
			};
			name = Release;
		};
		DCE23A1824D3687D00053370 /* Debug */ = {
			isa = XCBuildConfiguration;
			buildSettings = {
				ALWAYS_EMBED_SWIFT_STANDARD_LIBRARIES = YES;
				ASSETCATALOG_COMPILER_APPICON_NAME = AppIcon;
				ASSETCATALOG_COMPILER_GLOBAL_ACCENT_COLOR_NAME = AccentColor;
				CODE_SIGN_STYLE = Automatic;
				CURRENT_PROJECT_VERSION = 25;
				DEVELOPMENT_TEAM = FL4V655A94;
				ENABLE_PREVIEWS = YES;
				INFOPLIST_FILE = iOS/Info.plist;
				IPHONEOS_DEPLOYMENT_TARGET = 14.0;
				LD_RUNPATH_SEARCH_PATHS = (
					"$(inherited)",
					"@executable_path/Frameworks",
				);
				MARKETING_VERSION = 1.0.0;
				PRODUCT_BUNDLE_IDENTIFIER = org.breakthesystem.telemetry;
				PRODUCT_NAME = "Telemetry Viewer";
				SDKROOT = iphoneos;
				SWIFT_VERSION = 5.0;
				TARGETED_DEVICE_FAMILY = "1,2";
			};
			name = Debug;
		};
		DCE23A1924D3687D00053370 /* Release */ = {
			isa = XCBuildConfiguration;
			buildSettings = {
				ALWAYS_EMBED_SWIFT_STANDARD_LIBRARIES = YES;
				ASSETCATALOG_COMPILER_APPICON_NAME = AppIcon;
				ASSETCATALOG_COMPILER_GLOBAL_ACCENT_COLOR_NAME = AccentColor;
				CODE_SIGN_STYLE = Automatic;
				CURRENT_PROJECT_VERSION = 25;
				DEVELOPMENT_TEAM = FL4V655A94;
				ENABLE_PREVIEWS = YES;
				INFOPLIST_FILE = iOS/Info.plist;
				IPHONEOS_DEPLOYMENT_TARGET = 14.0;
				LD_RUNPATH_SEARCH_PATHS = (
					"$(inherited)",
					"@executable_path/Frameworks",
				);
				MARKETING_VERSION = 1.0.0;
				PRODUCT_BUNDLE_IDENTIFIER = org.breakthesystem.telemetry;
				PRODUCT_NAME = "Telemetry Viewer";
				SDKROOT = iphoneos;
				SWIFT_VERSION = 5.0;
				TARGETED_DEVICE_FAMILY = "1,2";
				VALIDATE_PRODUCT = YES;
			};
			name = Release;
		};
		DCE23A1B24D3687D00053370 /* Debug */ = {
			isa = XCBuildConfiguration;
			buildSettings = {
				ASSETCATALOG_COMPILER_APPICON_NAME = AppIcon;
				ASSETCATALOG_COMPILER_GLOBAL_ACCENT_COLOR_NAME = AccentColor;
				CODE_SIGN_ENTITLEMENTS = macOS/macOS.entitlements;
				CODE_SIGN_IDENTITY = "Apple Development";
				CODE_SIGN_STYLE = Automatic;
				COMBINE_HIDPI_IMAGES = YES;
				CURRENT_PROJECT_VERSION = 25;
				DEVELOPMENT_TEAM = FL4V655A94;
				ENABLE_HARDENED_RUNTIME = YES;
				ENABLE_PREVIEWS = YES;
				INFOPLIST_FILE = macOS/Info.plist;
				LD_RUNPATH_SEARCH_PATHS = (
					"$(inherited)",
					"@executable_path/../Frameworks",
				);
				MACOSX_DEPLOYMENT_TARGET = 11.0;
				MARKETING_VERSION = 1.0.0;
				PRODUCT_BUNDLE_IDENTIFIER = org.breakthesystem.telemetry;
				PRODUCT_NAME = "Telemetry Viewer";
				SDKROOT = macosx;
				SWIFT_VERSION = 5.0;
			};
			name = Debug;
		};
		DCE23A1C24D3687D00053370 /* Release */ = {
			isa = XCBuildConfiguration;
			buildSettings = {
				ASSETCATALOG_COMPILER_APPICON_NAME = AppIcon;
				ASSETCATALOG_COMPILER_GLOBAL_ACCENT_COLOR_NAME = AccentColor;
				CODE_SIGN_ENTITLEMENTS = macOS/macOS.entitlements;
				CODE_SIGN_IDENTITY = "Apple Development";
				CODE_SIGN_STYLE = Automatic;
				COMBINE_HIDPI_IMAGES = YES;
				CURRENT_PROJECT_VERSION = 25;
				DEVELOPMENT_TEAM = FL4V655A94;
				ENABLE_HARDENED_RUNTIME = YES;
				ENABLE_PREVIEWS = YES;
				INFOPLIST_FILE = macOS/Info.plist;
				LD_RUNPATH_SEARCH_PATHS = (
					"$(inherited)",
					"@executable_path/../Frameworks",
				);
				MACOSX_DEPLOYMENT_TARGET = 11.0;
				MARKETING_VERSION = 1.0.0;
				PRODUCT_BUNDLE_IDENTIFIER = org.breakthesystem.telemetry;
				PRODUCT_NAME = "Telemetry Viewer";
				SDKROOT = macosx;
				SWIFT_VERSION = 5.0;
			};
			name = Release;
		};
/* End XCBuildConfiguration section */

/* Begin XCConfigurationList section */
		DCD86AFB254EF0B6008F63CB /* Build configuration list for PBXNativeTarget "TelemetryWidgetExtension" */ = {
			isa = XCConfigurationList;
			buildConfigurations = (
				DCD86AF9254EF0B6008F63CB /* Debug */,
				DCD86AFA254EF0B6008F63CB /* Release */,
			);
			defaultConfigurationIsVisible = 0;
			defaultConfigurationName = Release;
		};
		DCE239FA24D3687C00053370 /* Build configuration list for PBXProject "Telemetry Viewer" */ = {
			isa = XCConfigurationList;
			buildConfigurations = (
				DCE23A1524D3687D00053370 /* Debug */,
				DCE23A1624D3687D00053370 /* Release */,
			);
			defaultConfigurationIsVisible = 0;
			defaultConfigurationName = Release;
		};
		DCE23A1724D3687D00053370 /* Build configuration list for PBXNativeTarget "Telemetry Viewer (iOS)" */ = {
			isa = XCConfigurationList;
			buildConfigurations = (
				DCE23A1824D3687D00053370 /* Debug */,
				DCE23A1924D3687D00053370 /* Release */,
			);
			defaultConfigurationIsVisible = 0;
			defaultConfigurationName = Release;
		};
		DCE23A1A24D3687D00053370 /* Build configuration list for PBXNativeTarget "Telemetry Viewer (macOS)" */ = {
			isa = XCConfigurationList;
			buildConfigurations = (
				DCE23A1B24D3687D00053370 /* Debug */,
				DCE23A1C24D3687D00053370 /* Release */,
			);
			defaultConfigurationIsVisible = 0;
			defaultConfigurationName = Release;
		};
/* End XCConfigurationList section */

/* Begin XCRemoteSwiftPackageReference section */
		DC9C082F252CD622001C0F94 /* XCRemoteSwiftPackageReference "SwiftClient" */ = {
			isa = XCRemoteSwiftPackageReference;
			repositoryURL = "https://github.com/AppTelemetry/SwiftClient";
			requirement = {
				kind = upToNextMajorVersion;
				minimumVersion = 1.0.8;
			};
		};
/* End XCRemoteSwiftPackageReference section */

/* Begin XCSwiftPackageProductDependency section */
		DC9C0830252CD622001C0F94 /* TelemetryClient */ = {
			isa = XCSwiftPackageProductDependency;
			package = DC9C082F252CD622001C0F94 /* XCRemoteSwiftPackageReference "SwiftClient" */;
			productName = TelemetryClient;
		};
		DC9C0841252CEAC9001C0F94 /* TelemetryClient */ = {
			isa = XCSwiftPackageProductDependency;
			package = DC9C082F252CD622001C0F94 /* XCRemoteSwiftPackageReference "SwiftClient" */;
			productName = TelemetryClient;
		};
/* End XCSwiftPackageProductDependency section */
	};
	rootObject = DCE239F724D3687C00053370 /* Project object */;
}
