// !$*UTF8*$!
{
	archiveVersion = 1;
	classes = {
	};
	objectVersion = 52;
	objects = {

/* Begin PBXBuildFile section */
		DC04C3DD252364C000483AF5 /* InsightLineChartView.swift in Sources */ = {isa = PBXBuildFile; fileRef = DC04C3DC252364C000483AF5 /* InsightLineChartView.swift */; };
		DC04C3DE252364C000483AF5 /* InsightLineChartView.swift in Sources */ = {isa = PBXBuildFile; fileRef = DC04C3DC252364C000483AF5 /* InsightLineChartView.swift */; };
		DC04C3EB2523BD6300483AF5 /* LineChartView.swift in Sources */ = {isa = PBXBuildFile; fileRef = DC04C3EA2523BD6300483AF5 /* LineChartView.swift */; };
		DC04C3EC2523BD6300483AF5 /* LineChartView.swift in Sources */ = {isa = PBXBuildFile; fileRef = DC04C3EA2523BD6300483AF5 /* LineChartView.swift */; };
		DC23286D2522725A00DB6145 /* InsightView.swift in Sources */ = {isa = PBXBuildFile; fileRef = DC23286C2522725A00DB6145 /* InsightView.swift */; };
		DC23286E2522725A00DB6145 /* InsightView.swift in Sources */ = {isa = PBXBuildFile; fileRef = DC23286C2522725A00DB6145 /* InsightView.swift */; };
		DC2328722522740900DB6145 /* InsightPieChartView.swift in Sources */ = {isa = PBXBuildFile; fileRef = DC2328712522740900DB6145 /* InsightPieChartView.swift */; };
		DC2328732522740900DB6145 /* InsightPieChartView.swift in Sources */ = {isa = PBXBuildFile; fileRef = DC2328712522740900DB6145 /* InsightPieChartView.swift */; };
		DC340E602531C23800514FD6 /* InsightDetailView.swift in Sources */ = {isa = PBXBuildFile; fileRef = DC340E5D2531C23800514FD6 /* InsightDetailView.swift */; };
		DC39F24E253C469100A7C325 /* CreateOrUpdateInsightForm.swift in Sources */ = {isa = PBXBuildFile; fileRef = DC39F24D253C469100A7C325 /* CreateOrUpdateInsightForm.swift */; };
		DC415C0E2531F6C300D8D0B1 /* Color.swift in Sources */ = {isa = PBXBuildFile; fileRef = DC415C0D2531F6C300D8D0B1 /* Color.swift */; };
		DC415C0F2531F6C300D8D0B1 /* Color.swift in Sources */ = {isa = PBXBuildFile; fileRef = DC415C0D2531F6C300D8D0B1 /* Color.swift */; };
		DC45BAEE24DFF895004E6392 /* Models.swift in Sources */ = {isa = PBXBuildFile; fileRef = DC45BAED24DFF895004E6392 /* Models.swift */; };
		DC45BAEF24DFF895004E6392 /* Models.swift in Sources */ = {isa = PBXBuildFile; fileRef = DC45BAED24DFF895004E6392 /* Models.swift */; };
		DC45BB1724DFFB19004E6392 /* RegisterView.swift in Sources */ = {isa = PBXBuildFile; fileRef = DCA10F7A24DA722700A62C26 /* RegisterView.swift */; };
		DC45BB1924E1F01F004E6392 /* SidebarView.swift in Sources */ = {isa = PBXBuildFile; fileRef = DC45BB1824E1F01F004E6392 /* SidebarView.swift */; };
		DC45BB1A24E1F01F004E6392 /* SidebarView.swift in Sources */ = {isa = PBXBuildFile; fileRef = DC45BB1824E1F01F004E6392 /* SidebarView.swift */; };
		DC45BB1C24E27F12004E6392 /* SignalView.swift in Sources */ = {isa = PBXBuildFile; fileRef = DC45BB1B24E27F12004E6392 /* SignalView.swift */; };
		DC45BB1D24E27F12004E6392 /* SignalView.swift in Sources */ = {isa = PBXBuildFile; fileRef = DC45BB1B24E27F12004E6392 /* SignalView.swift */; };
		DC4F7DBA25067C3000B54561 /* OrganizationSettingsView.swift in Sources */ = {isa = PBXBuildFile; fileRef = DC4F7DB925067C3000B54561 /* OrganizationSettingsView.swift */; };
		DC4F7DBB25067C3000B54561 /* OrganizationSettingsView.swift in Sources */ = {isa = PBXBuildFile; fileRef = DC4F7DB925067C3000B54561 /* OrganizationSettingsView.swift */; };
		DC4F7DBD25069C3200B54561 /* NewAppView.swift in Sources */ = {isa = PBXBuildFile; fileRef = DC4F7DBC25069C3200B54561 /* NewAppView.swift */; };
		DC4F7DBE25069C3200B54561 /* NewAppView.swift in Sources */ = {isa = PBXBuildFile; fileRef = DC4F7DBC25069C3200B54561 /* NewAppView.swift */; };
		DC5339362521CE6200D9C889 /* CardView.swift in Sources */ = {isa = PBXBuildFile; fileRef = DC5339352521CE6200D9C889 /* CardView.swift */; };
		DC5339372521CE6200D9C889 /* CardView.swift in Sources */ = {isa = PBXBuildFile; fileRef = DC5339352521CE6200D9C889 /* CardView.swift */; };
		DC53394025222C2F00D9C889 /* InsightGroupList.swift in Sources */ = {isa = PBXBuildFile; fileRef = DC53393F25222C2F00D9C889 /* InsightGroupList.swift */; };
		DC53394125222C2F00D9C889 /* InsightGroupList.swift in Sources */ = {isa = PBXBuildFile; fileRef = DC53393F25222C2F00D9C889 /* InsightGroupList.swift */; };
		DC53394525222FC600D9C889 /* NewInsightGroupView.swift in Sources */ = {isa = PBXBuildFile; fileRef = DC53394425222FC600D9C889 /* NewInsightGroupView.swift */; };
		DC53394625222FC600D9C889 /* NewInsightGroupView.swift in Sources */ = {isa = PBXBuildFile; fileRef = DC53394425222FC600D9C889 /* NewInsightGroupView.swift */; };
		DC53394D2522620E00D9C889 /* CreateOrUpdateInsightForm.swift in Sources */ = {isa = PBXBuildFile; fileRef = DC53394B2522620E00D9C889 /* CreateOrUpdateInsightForm.swift */; };
		DC591398252DF975007360A9 /* DonutChartView.swift in Sources */ = {isa = PBXBuildFile; fileRef = DC591397252DF975007360A9 /* DonutChartView.swift */; };
		DC591399252DF975007360A9 /* DonutChartView.swift in Sources */ = {isa = PBXBuildFile; fileRef = DC591397252DF975007360A9 /* DonutChartView.swift */; };
		DC7C540C250FB0BA0027D6A5 /* JSONDecoder.swift in Sources */ = {isa = PBXBuildFile; fileRef = DC7C540B250FB0BA0027D6A5 /* JSONDecoder.swift */; };
		DC7C540D250FB0BA0027D6A5 /* JSONDecoder.swift in Sources */ = {isa = PBXBuildFile; fileRef = DC7C540B250FB0BA0027D6A5 /* JSONDecoder.swift */; };
		DC815F3C24E283640095A047 /* SignalList.swift in Sources */ = {isa = PBXBuildFile; fileRef = DC815F3B24E283640095A047 /* SignalList.swift */; };
		DC815F3D24E283640095A047 /* SignalList.swift in Sources */ = {isa = PBXBuildFile; fileRef = DC815F3B24E283640095A047 /* SignalList.swift */; };
		DC90D08B25063A6B00634B72 /* UserSettingsView.swift in Sources */ = {isa = PBXBuildFile; fileRef = DC90D08A25063A6B00634B72 /* UserSettingsView.swift */; };
		DC90D08C25063A6B00634B72 /* UserSettingsView.swift in Sources */ = {isa = PBXBuildFile; fileRef = DC90D08A25063A6B00634B72 /* UserSettingsView.swift */; };
		DC98AAB7250A671900FF26FD /* AppSettingsView.swift in Sources */ = {isa = PBXBuildFile; fileRef = DC98AAB6250A671900FF26FD /* AppSettingsView.swift */; };
		DC98AAB8250A671900FF26FD /* AppSettingsView.swift in Sources */ = {isa = PBXBuildFile; fileRef = DC98AAB6250A671900FF26FD /* AppSettingsView.swift */; };
		DC98AABC250BC30200FF26FD /* Telemetry.swift in Sources */ = {isa = PBXBuildFile; fileRef = DC98AABB250BC30200FF26FD /* Telemetry.swift */; };
		DC98AABD250BC30200FF26FD /* Telemetry.swift in Sources */ = {isa = PBXBuildFile; fileRef = DC98AABB250BC30200FF26FD /* Telemetry.swift */; };
		DC9C0831252CD622001C0F94 /* TelemetryClient in Frameworks */ = {isa = PBXBuildFile; productRef = DC9C0830252CD622001C0F94 /* TelemetryClient */; };
		DC9C0842252CEAC9001C0F94 /* TelemetryClient in Frameworks */ = {isa = PBXBuildFile; productRef = DC9C0841252CEAC9001C0F94 /* TelemetryClient */; };
		DCA10F7B24DA722700A62C26 /* RegisterView.swift in Sources */ = {isa = PBXBuildFile; fileRef = DCA10F7A24DA722700A62C26 /* RegisterView.swift */; };
		DCB02B5D25001A2600304964 /* DashedCardView.swift in Sources */ = {isa = PBXBuildFile; fileRef = DCB02B5C25001A2600304964 /* DashedCardView.swift */; };
		DCB02B5E25001A2600304964 /* DashedCardView.swift in Sources */ = {isa = PBXBuildFile; fileRef = DCB02B5C25001A2600304964 /* DashedCardView.swift */; };
		DCB02B6B2502773D00304964 /* WelcomeView.swift in Sources */ = {isa = PBXBuildFile; fileRef = DCB02B6A2502773D00304964 /* WelcomeView.swift */; };
		DCB02B6E250277A700304964 /* AdaptiveStack.swift in Sources */ = {isa = PBXBuildFile; fileRef = DCB02B6D250277A700304964 /* AdaptiveStack.swift */; };
		DCB02B6F250277A700304964 /* AdaptiveStack.swift in Sources */ = {isa = PBXBuildFile; fileRef = DCB02B6D250277A700304964 /* AdaptiveStack.swift */; };
		DCB02B722502781A00304964 /* LoginView.swift in Sources */ = {isa = PBXBuildFile; fileRef = DCB02B712502781A00304964 /* LoginView.swift */; };
		DCB02B732502781A00304964 /* LoginView.swift in Sources */ = {isa = PBXBuildFile; fileRef = DCB02B712502781A00304964 /* LoginView.swift */; };
		DCB02B762502809200304964 /* RootView.swift in Sources */ = {isa = PBXBuildFile; fileRef = DCB02B752502809200304964 /* RootView.swift */; };
		DCB02B772502809200304964 /* RootView.swift in Sources */ = {isa = PBXBuildFile; fileRef = DCB02B752502809200304964 /* RootView.swift */; };
		DCB02B792503897D00304964 /* RegisterButtonView.swift in Sources */ = {isa = PBXBuildFile; fileRef = DCB02B782503897D00304964 /* RegisterButtonView.swift */; };
		DCB02B7C25038F4600304964 /* APIRepresentative.swift in Sources */ = {isa = PBXBuildFile; fileRef = DCB02B7B25038F4600304964 /* APIRepresentative.swift */; };
		DCB02B7D25038F4600304964 /* APIRepresentative.swift in Sources */ = {isa = PBXBuildFile; fileRef = DCB02B7B25038F4600304964 /* APIRepresentative.swift */; };
		DCB02B7F25038F5000304964 /* MockData.swift in Sources */ = {isa = PBXBuildFile; fileRef = DCB02B7E25038F5000304964 /* MockData.swift */; };
		DCB02B8025038F5000304964 /* MockData.swift in Sources */ = {isa = PBXBuildFile; fileRef = DCB02B7E25038F5000304964 /* MockData.swift */; };
		DCB1A3CB2549C94D000C6575 /* BetaRequestsList.swift in Sources */ = {isa = PBXBuildFile; fileRef = DCB1A3CA2549C94D000C6575 /* BetaRequestsList.swift */; };
		DCB1A3CC2549C94D000C6575 /* BetaRequestsList.swift in Sources */ = {isa = PBXBuildFile; fileRef = DCB1A3CA2549C94D000C6575 /* BetaRequestsList.swift */; };
		DCB28D6C2550AF0B0032B9AD /* InsightsGrid.swift in Sources */ = {isa = PBXBuildFile; fileRef = DCB28D6B2550AF0B0032B9AD /* InsightsGrid.swift */; };
		DCB28D6D2550AF0B0032B9AD /* InsightsGrid.swift in Sources */ = {isa = PBXBuildFile; fileRef = DCB28D6B2550AF0B0032B9AD /* InsightsGrid.swift */; };
		DCB28D7525517A4B0032B9AD /* ListItemView.swift in Sources */ = {isa = PBXBuildFile; fileRef = DCB28D7425517A4B0032B9AD /* ListItemView.swift */; };
		DCB28D7625517A4B0032B9AD /* ListItemView.swift in Sources */ = {isa = PBXBuildFile; fileRef = DCB28D7425517A4B0032B9AD /* ListItemView.swift */; };
		DCB28D7E25517EDD0032B9AD /* Helpers.swift in Sources */ = {isa = PBXBuildFile; fileRef = DCB28D7D25517EDD0032B9AD /* Helpers.swift */; };
		DCB28D7F25517EDD0032B9AD /* Helpers.swift in Sources */ = {isa = PBXBuildFile; fileRef = DCB28D7D25517EDD0032B9AD /* Helpers.swift */; };
		DCB28D892551C3330032B9AD /* TelemetryWidget.intentdefinition in Sources */ = {isa = PBXBuildFile; fileRef = DCB28D8C2551C3330032B9AD /* TelemetryWidget.intentdefinition */; };
		DCB28D8A2551C3330032B9AD /* TelemetryWidget.intentdefinition in Sources */ = {isa = PBXBuildFile; fileRef = DCB28D8C2551C3330032B9AD /* TelemetryWidget.intentdefinition */; };
		DCCD480C253D8A240098EC95 /* InsightNumberView.swift in Sources */ = {isa = PBXBuildFile; fileRef = DCCD480B253D8A240098EC95 /* InsightNumberView.swift */; };
		DCCD480D253D8A240098EC95 /* InsightNumberView.swift in Sources */ = {isa = PBXBuildFile; fileRef = DCCD480B253D8A240098EC95 /* InsightNumberView.swift */; };
		DCCD4819253D9E870098EC95 /* Formatter+ISO.swift in Sources */ = {isa = PBXBuildFile; fileRef = DCCD4818253D9E870098EC95 /* Formatter+ISO.swift */; };
		DCCD481A253D9E870098EC95 /* Formatter+ISO.swift in Sources */ = {isa = PBXBuildFile; fileRef = DCCD4818253D9E870098EC95 /* Formatter+ISO.swift */; };
		DCCD4825253DB6840098EC95 /* OfferDefaultInsights.swift in Sources */ = {isa = PBXBuildFile; fileRef = DCCD4824253DB6840098EC95 /* OfferDefaultInsights.swift */; };
		DCCD4826253DB6840098EC95 /* OfferDefaultInsights.swift in Sources */ = {isa = PBXBuildFile; fileRef = DCCD4824253DB6840098EC95 /* OfferDefaultInsights.swift */; };
		DCCD482A253DBB490098EC95 /* DefaultInsightsCreator.swift in Sources */ = {isa = PBXBuildFile; fileRef = DCCD4829253DBB490098EC95 /* DefaultInsightsCreator.swift */; };
		DCCD482B253DBB490098EC95 /* DefaultInsightsCreator.swift in Sources */ = {isa = PBXBuildFile; fileRef = DCCD4829253DBB490098EC95 /* DefaultInsightsCreator.swift */; };
		DCD52C4A2541FFE3003F12C6 /* ColSpan.swift in Sources */ = {isa = PBXBuildFile; fileRef = DCD52C492541FFE3003F12C6 /* ColSpan.swift */; };
		DCD52C4B2541FFE3003F12C6 /* ColSpan.swift in Sources */ = {isa = PBXBuildFile; fileRef = DCD52C492541FFE3003F12C6 /* ColSpan.swift */; };
		DCD67BCF252DB40B00A00C5B /* WelcomeView.swift in Sources */ = {isa = PBXBuildFile; fileRef = DCD67BCE252DB40900A00C5B /* WelcomeView.swift */; };
		DCD67BD5252DB6CA00A00C5B /* RegisterButtonView.swift in Sources */ = {isa = PBXBuildFile; fileRef = DCD67BD4252DB6C900A00C5B /* RegisterButtonView.swift */; };
		DCD86AE9254EF0B5008F63CB /* WidgetKit.framework in Frameworks */ = {isa = PBXBuildFile; fileRef = DCD86AE8254EF0B5008F63CB /* WidgetKit.framework */; };
		DCD86AEB254EF0B5008F63CB /* SwiftUI.framework in Frameworks */ = {isa = PBXBuildFile; fileRef = DCD86AEA254EF0B5008F63CB /* SwiftUI.framework */; };
		DCD86AEE254EF0B5008F63CB /* TelemetryWidget.swift in Sources */ = {isa = PBXBuildFile; fileRef = DCD86AED254EF0B5008F63CB /* TelemetryWidget.swift */; };
		DCD86AF1254EF0B6008F63CB /* Assets.xcassets in Resources */ = {isa = PBXBuildFile; fileRef = DCD86AF0254EF0B6008F63CB /* Assets.xcassets */; };
		DCD86AF7254EF0B6008F63CB /* TelemetryWidgetExtension.appex in Embed App Extensions */ = {isa = PBXBuildFile; fileRef = DCD86AE7254EF0B5008F63CB /* TelemetryWidgetExtension.appex */; settings = {ATTRIBUTES = (RemoveHeadersOnCopy, ); }; };
		DCD86AFF254EF456008F63CB /* Models.swift in Sources */ = {isa = PBXBuildFile; fileRef = DC45BAED24DFF895004E6392 /* Models.swift */; };
		DCD86B03254EF470008F63CB /* MockData.swift in Sources */ = {isa = PBXBuildFile; fileRef = DCB02B7E25038F5000304964 /* MockData.swift */; };
		DCD86B0A254EF59B008F63CB /* InsightNumberView.swift in Sources */ = {isa = PBXBuildFile; fileRef = DCCD480B253D8A240098EC95 /* InsightNumberView.swift */; };
		DCDC6EF8253ECA7E0012D9A7 /* KeyValueView.swift in Sources */ = {isa = PBXBuildFile; fileRef = DCDC6EF7253ECA7E0012D9A7 /* KeyValueView.swift */; };
		DCDC6EF9253ECA7E0012D9A7 /* KeyValueView.swift in Sources */ = {isa = PBXBuildFile; fileRef = DCDC6EF7253ECA7E0012D9A7 /* KeyValueView.swift */; };
		DCDC6EFF253EDA4C0012D9A7 /* FilterEditView.swift in Sources */ = {isa = PBXBuildFile; fileRef = DCDC6EFE253EDA4C0012D9A7 /* FilterEditView.swift */; };
		DCDC6F06253EE0620012D9A7 /* FilterEditView.swift in Sources */ = {isa = PBXBuildFile; fileRef = DCDC6F05253EE0620012D9A7 /* FilterEditView.swift */; };
		DCDC6F0C253EEB9B0012D9A7 /* Optional+Bound.swift in Sources */ = {isa = PBXBuildFile; fileRef = DCDC6F0B253EEB9B0012D9A7 /* Optional+Bound.swift */; };
		DCDC6F0D253EEB9B0012D9A7 /* Optional+Bound.swift in Sources */ = {isa = PBXBuildFile; fileRef = DCDC6F0B253EEB9B0012D9A7 /* Optional+Bound.swift */; };
		DCDC6F13253EECA90012D9A7 /* Numbers+Bound.swift in Sources */ = {isa = PBXBuildFile; fileRef = DCDC6F12253EECA90012D9A7 /* Numbers+Bound.swift */; };
		DCDC6F14253EECA90012D9A7 /* Numbers+Bound.swift in Sources */ = {isa = PBXBuildFile; fileRef = DCDC6F12253EECA90012D9A7 /* Numbers+Bound.swift */; };
		DCE23A0F24D3687D00053370 /* Telemetry_ViewerApp.swift in Sources */ = {isa = PBXBuildFile; fileRef = DCE239FC24D3687C00053370 /* Telemetry_ViewerApp.swift */; };
		DCE23A1024D3687D00053370 /* Telemetry_ViewerApp.swift in Sources */ = {isa = PBXBuildFile; fileRef = DCE239FC24D3687C00053370 /* Telemetry_ViewerApp.swift */; };
		DCE23A1324D3687D00053370 /* Assets.xcassets in Resources */ = {isa = PBXBuildFile; fileRef = DCE239FE24D3687D00053370 /* Assets.xcassets */; };
		DCE23A1424D3687D00053370 /* Assets.xcassets in Resources */ = {isa = PBXBuildFile; fileRef = DCE239FE24D3687D00053370 /* Assets.xcassets */; };
		DCF7CD40254A08B900BFA23B /* LexiconView.swift in Sources */ = {isa = PBXBuildFile; fileRef = DCF7CD3F254A08B900BFA23B /* LexiconView.swift */; };
		DCF7CD43254A092100BFA23B /* LexiconView.swift in Sources */ = {isa = PBXBuildFile; fileRef = DCF7CD3F254A08B900BFA23B /* LexiconView.swift */; };
		DCF7CD47254A0DB300BFA23B /* LexiconItemView.swift in Sources */ = {isa = PBXBuildFile; fileRef = DCF7CD46254A0DB300BFA23B /* LexiconItemView.swift */; };
		DCF7CD48254A0DB300BFA23B /* LexiconItemView.swift in Sources */ = {isa = PBXBuildFile; fileRef = DCF7CD46254A0DB300BFA23B /* LexiconItemView.swift */; };
		DCFD9CD0252A344F002BD29F /* Publisher+Validation.swift in Sources */ = {isa = PBXBuildFile; fileRef = DCFD9CCF252A344F002BD29F /* Publisher+Validation.swift */; };
		DCFD9CD1252A344F002BD29F /* Publisher+Validation.swift in Sources */ = {isa = PBXBuildFile; fileRef = DCFD9CCF252A344F002BD29F /* Publisher+Validation.swift */; };
/* End PBXBuildFile section */

/* Begin PBXContainerItemProxy section */
		DCD86AF5254EF0B6008F63CB /* PBXContainerItemProxy */ = {
			isa = PBXContainerItemProxy;
			containerPortal = DCE239F724D3687C00053370 /* Project object */;
			proxyType = 1;
			remoteGlobalIDString = DCD86AE6254EF0B5008F63CB;
			remoteInfo = TelemetryWidgetExtension;
		};
/* End PBXContainerItemProxy section */

/* Begin PBXCopyFilesBuildPhase section */
		DCD86AF8254EF0B6008F63CB /* Embed App Extensions */ = {
			isa = PBXCopyFilesBuildPhase;
			buildActionMask = 2147483647;
			dstPath = "";
			dstSubfolderSpec = 13;
			files = (
				DCD86AF7254EF0B6008F63CB /* TelemetryWidgetExtension.appex in Embed App Extensions */,
			);
			name = "Embed App Extensions";
			runOnlyForDeploymentPostprocessing = 0;
		};
/* End PBXCopyFilesBuildPhase section */

/* Begin PBXFileReference section */
		DC04C3DC252364C000483AF5 /* InsightLineChartView.swift */ = {isa = PBXFileReference; lastKnownFileType = sourcecode.swift; path = InsightLineChartView.swift; sourceTree = "<group>"; };
		DC04C3EA2523BD6300483AF5 /* LineChartView.swift */ = {isa = PBXFileReference; fileEncoding = 4; lastKnownFileType = sourcecode.swift; path = LineChartView.swift; sourceTree = "<group>"; };
		DC23286C2522725A00DB6145 /* InsightView.swift */ = {isa = PBXFileReference; lastKnownFileType = sourcecode.swift; path = InsightView.swift; sourceTree = "<group>"; };
		DC2328712522740900DB6145 /* InsightPieChartView.swift */ = {isa = PBXFileReference; lastKnownFileType = sourcecode.swift; path = InsightPieChartView.swift; sourceTree = "<group>"; };
		DC340E5D2531C23800514FD6 /* InsightDetailView.swift */ = {isa = PBXFileReference; lastKnownFileType = sourcecode.swift; path = InsightDetailView.swift; sourceTree = "<group>"; };
		DC39F24D253C469100A7C325 /* CreateOrUpdateInsightForm.swift */ = {isa = PBXFileReference; lastKnownFileType = sourcecode.swift; path = CreateOrUpdateInsightForm.swift; sourceTree = "<group>"; };
		DC415C0D2531F6C300D8D0B1 /* Color.swift */ = {isa = PBXFileReference; lastKnownFileType = sourcecode.swift; path = Color.swift; sourceTree = "<group>"; };
		DC45BAED24DFF895004E6392 /* Models.swift */ = {isa = PBXFileReference; lastKnownFileType = sourcecode.swift; path = Models.swift; sourceTree = "<group>"; };
		DC45BB1824E1F01F004E6392 /* SidebarView.swift */ = {isa = PBXFileReference; lastKnownFileType = sourcecode.swift; path = SidebarView.swift; sourceTree = "<group>"; };
		DC45BB1B24E27F12004E6392 /* SignalView.swift */ = {isa = PBXFileReference; lastKnownFileType = sourcecode.swift; path = SignalView.swift; sourceTree = "<group>"; };
		DC4F7DB925067C3000B54561 /* OrganizationSettingsView.swift */ = {isa = PBXFileReference; lastKnownFileType = sourcecode.swift; path = OrganizationSettingsView.swift; sourceTree = "<group>"; };
		DC4F7DBC25069C3200B54561 /* NewAppView.swift */ = {isa = PBXFileReference; lastKnownFileType = sourcecode.swift; path = NewAppView.swift; sourceTree = "<group>"; };
		DC5339352521CE6200D9C889 /* CardView.swift */ = {isa = PBXFileReference; lastKnownFileType = sourcecode.swift; name = CardView.swift; path = ../CardView.swift; sourceTree = "<group>"; };
		DC53393F25222C2F00D9C889 /* InsightGroupList.swift */ = {isa = PBXFileReference; lastKnownFileType = sourcecode.swift; path = InsightGroupList.swift; sourceTree = "<group>"; };
		DC53394425222FC600D9C889 /* NewInsightGroupView.swift */ = {isa = PBXFileReference; lastKnownFileType = sourcecode.swift; path = NewInsightGroupView.swift; sourceTree = "<group>"; };
		DC53394B2522620E00D9C889 /* CreateOrUpdateInsightForm.swift */ = {isa = PBXFileReference; lastKnownFileType = sourcecode.swift; path = CreateOrUpdateInsightForm.swift; sourceTree = "<group>"; };
		DC591397252DF975007360A9 /* DonutChartView.swift */ = {isa = PBXFileReference; lastKnownFileType = sourcecode.swift; path = DonutChartView.swift; sourceTree = "<group>"; };
		DC7C540B250FB0BA0027D6A5 /* JSONDecoder.swift */ = {isa = PBXFileReference; lastKnownFileType = sourcecode.swift; path = JSONDecoder.swift; sourceTree = "<group>"; };
		DC815F3B24E283640095A047 /* SignalList.swift */ = {isa = PBXFileReference; lastKnownFileType = sourcecode.swift; path = SignalList.swift; sourceTree = "<group>"; };
		DC90D08A25063A6B00634B72 /* UserSettingsView.swift */ = {isa = PBXFileReference; lastKnownFileType = sourcecode.swift; path = UserSettingsView.swift; sourceTree = "<group>"; };
		DC98AAB6250A671900FF26FD /* AppSettingsView.swift */ = {isa = PBXFileReference; lastKnownFileType = sourcecode.swift; path = AppSettingsView.swift; sourceTree = "<group>"; };
		DC98AABB250BC30200FF26FD /* Telemetry.swift */ = {isa = PBXFileReference; lastKnownFileType = sourcecode.swift; path = Telemetry.swift; sourceTree = "<group>"; };
		DCA10F7A24DA722700A62C26 /* RegisterView.swift */ = {isa = PBXFileReference; lastKnownFileType = sourcecode.swift; path = RegisterView.swift; sourceTree = "<group>"; };
		DCB02B5C25001A2600304964 /* DashedCardView.swift */ = {isa = PBXFileReference; lastKnownFileType = sourcecode.swift; path = DashedCardView.swift; sourceTree = "<group>"; };
		DCB02B6A2502773D00304964 /* WelcomeView.swift */ = {isa = PBXFileReference; lastKnownFileType = sourcecode.swift; path = WelcomeView.swift; sourceTree = "<group>"; };
		DCB02B6D250277A700304964 /* AdaptiveStack.swift */ = {isa = PBXFileReference; lastKnownFileType = sourcecode.swift; path = AdaptiveStack.swift; sourceTree = "<group>"; };
		DCB02B712502781A00304964 /* LoginView.swift */ = {isa = PBXFileReference; lastKnownFileType = sourcecode.swift; path = LoginView.swift; sourceTree = "<group>"; };
		DCB02B752502809200304964 /* RootView.swift */ = {isa = PBXFileReference; lastKnownFileType = sourcecode.swift; path = RootView.swift; sourceTree = "<group>"; };
		DCB02B782503897D00304964 /* RegisterButtonView.swift */ = {isa = PBXFileReference; lastKnownFileType = sourcecode.swift; path = RegisterButtonView.swift; sourceTree = "<group>"; };
		DCB02B7B25038F4600304964 /* APIRepresentative.swift */ = {isa = PBXFileReference; lastKnownFileType = sourcecode.swift; path = APIRepresentative.swift; sourceTree = "<group>"; };
		DCB02B7E25038F5000304964 /* MockData.swift */ = {isa = PBXFileReference; lastKnownFileType = sourcecode.swift; path = MockData.swift; sourceTree = "<group>"; };
		DCB1A3CA2549C94D000C6575 /* BetaRequestsList.swift */ = {isa = PBXFileReference; lastKnownFileType = sourcecode.swift; path = BetaRequestsList.swift; sourceTree = "<group>"; };
		DCB28D6B2550AF0B0032B9AD /* InsightsGrid.swift */ = {isa = PBXFileReference; lastKnownFileType = sourcecode.swift; path = InsightsGrid.swift; sourceTree = "<group>"; };
		DCB28D7425517A4B0032B9AD /* ListItemView.swift */ = {isa = PBXFileReference; lastKnownFileType = sourcecode.swift; path = ListItemView.swift; sourceTree = "<group>"; };
		DCB28D7D25517EDD0032B9AD /* Helpers.swift */ = {isa = PBXFileReference; lastKnownFileType = sourcecode.swift; path = Helpers.swift; sourceTree = "<group>"; };
		DCB28D8B2551C3330032B9AD /* Base */ = {isa = PBXFileReference; lastKnownFileType = file.intentdefinition; name = Base; path = Base.lproj/TelemetryWidget.intentdefinition; sourceTree = "<group>"; };
		DCB28D912551C3420032B9AD /* en */ = {isa = PBXFileReference; lastKnownFileType = text.plist.strings; name = en; path = en.lproj/TelemetryWidget.strings; sourceTree = "<group>"; };
		DCCD480B253D8A240098EC95 /* InsightNumberView.swift */ = {isa = PBXFileReference; lastKnownFileType = sourcecode.swift; path = InsightNumberView.swift; sourceTree = "<group>"; };
		DCCD4818253D9E870098EC95 /* Formatter+ISO.swift */ = {isa = PBXFileReference; fileEncoding = 4; lastKnownFileType = sourcecode.swift; path = "Formatter+ISO.swift"; sourceTree = "<group>"; };
		DCCD4824253DB6840098EC95 /* OfferDefaultInsights.swift */ = {isa = PBXFileReference; lastKnownFileType = sourcecode.swift; path = OfferDefaultInsights.swift; sourceTree = "<group>"; };
		DCCD4829253DBB490098EC95 /* DefaultInsightsCreator.swift */ = {isa = PBXFileReference; lastKnownFileType = sourcecode.swift; path = DefaultInsightsCreator.swift; sourceTree = "<group>"; };
		DCD52C492541FFE3003F12C6 /* ColSpan.swift */ = {isa = PBXFileReference; lastKnownFileType = sourcecode.swift; path = ColSpan.swift; sourceTree = "<group>"; };
		DCD67BCE252DB40900A00C5B /* WelcomeView.swift */ = {isa = PBXFileReference; lastKnownFileType = sourcecode.swift; path = WelcomeView.swift; sourceTree = "<group>"; };
		DCD67BD4252DB6C900A00C5B /* RegisterButtonView.swift */ = {isa = PBXFileReference; lastKnownFileType = sourcecode.swift; path = RegisterButtonView.swift; sourceTree = "<group>"; };
		DCD86AE7254EF0B5008F63CB /* TelemetryWidgetExtension.appex */ = {isa = PBXFileReference; explicitFileType = "wrapper.app-extension"; includeInIndex = 0; path = TelemetryWidgetExtension.appex; sourceTree = BUILT_PRODUCTS_DIR; };
		DCD86AE8254EF0B5008F63CB /* WidgetKit.framework */ = {isa = PBXFileReference; lastKnownFileType = wrapper.framework; name = WidgetKit.framework; path = System/Library/Frameworks/WidgetKit.framework; sourceTree = SDKROOT; };
		DCD86AEA254EF0B5008F63CB /* SwiftUI.framework */ = {isa = PBXFileReference; lastKnownFileType = wrapper.framework; name = SwiftUI.framework; path = System/Library/Frameworks/SwiftUI.framework; sourceTree = SDKROOT; };
		DCD86AED254EF0B5008F63CB /* TelemetryWidget.swift */ = {isa = PBXFileReference; lastKnownFileType = sourcecode.swift; path = TelemetryWidget.swift; sourceTree = "<group>"; };
		DCD86AF0254EF0B6008F63CB /* Assets.xcassets */ = {isa = PBXFileReference; lastKnownFileType = folder.assetcatalog; path = Assets.xcassets; sourceTree = "<group>"; };
		DCD86AF2254EF0B6008F63CB /* Info.plist */ = {isa = PBXFileReference; lastKnownFileType = text.plist.xml; path = Info.plist; sourceTree = "<group>"; };
		DCDC6EF7253ECA7E0012D9A7 /* KeyValueView.swift */ = {isa = PBXFileReference; lastKnownFileType = sourcecode.swift; path = KeyValueView.swift; sourceTree = "<group>"; };
		DCDC6EFE253EDA4C0012D9A7 /* FilterEditView.swift */ = {isa = PBXFileReference; lastKnownFileType = sourcecode.swift; path = FilterEditView.swift; sourceTree = "<group>"; };
		DCDC6F05253EE0620012D9A7 /* FilterEditView.swift */ = {isa = PBXFileReference; lastKnownFileType = sourcecode.swift; path = FilterEditView.swift; sourceTree = "<group>"; };
		DCDC6F0B253EEB9B0012D9A7 /* Optional+Bound.swift */ = {isa = PBXFileReference; lastKnownFileType = sourcecode.swift; path = "Optional+Bound.swift"; sourceTree = "<group>"; };
		DCDC6F12253EECA90012D9A7 /* Numbers+Bound.swift */ = {isa = PBXFileReference; lastKnownFileType = sourcecode.swift; path = "Numbers+Bound.swift"; sourceTree = "<group>"; };
		DCE239FC24D3687C00053370 /* Telemetry_ViewerApp.swift */ = {isa = PBXFileReference; lastKnownFileType = sourcecode.swift; path = Telemetry_ViewerApp.swift; sourceTree = "<group>"; };
		DCE239FE24D3687D00053370 /* Assets.xcassets */ = {isa = PBXFileReference; lastKnownFileType = folder.assetcatalog; path = Assets.xcassets; sourceTree = "<group>"; };
		DCE23A0324D3687D00053370 /* Telemetry Viewer.app */ = {isa = PBXFileReference; explicitFileType = wrapper.application; includeInIndex = 0; path = "Telemetry Viewer.app"; sourceTree = BUILT_PRODUCTS_DIR; };
		DCE23A0624D3687D00053370 /* Info.plist */ = {isa = PBXFileReference; lastKnownFileType = text.plist.xml; path = Info.plist; sourceTree = "<group>"; };
		DCE23A0B24D3687D00053370 /* Telemetry Viewer.app */ = {isa = PBXFileReference; explicitFileType = wrapper.application; includeInIndex = 0; path = "Telemetry Viewer.app"; sourceTree = BUILT_PRODUCTS_DIR; };
		DCE23A0D24D3687D00053370 /* Info.plist */ = {isa = PBXFileReference; lastKnownFileType = text.plist.xml; path = Info.plist; sourceTree = "<group>"; };
		DCE23A0E24D3687D00053370 /* macOS.entitlements */ = {isa = PBXFileReference; lastKnownFileType = text.plist.entitlements; path = macOS.entitlements; sourceTree = "<group>"; };
		DCF7CD3F254A08B900BFA23B /* LexiconView.swift */ = {isa = PBXFileReference; lastKnownFileType = sourcecode.swift; path = LexiconView.swift; sourceTree = "<group>"; };
		DCF7CD46254A0DB300BFA23B /* LexiconItemView.swift */ = {isa = PBXFileReference; lastKnownFileType = sourcecode.swift; path = LexiconItemView.swift; sourceTree = "<group>"; };
		DCFD9CCF252A344F002BD29F /* Publisher+Validation.swift */ = {isa = PBXFileReference; lastKnownFileType = sourcecode.swift; path = "Publisher+Validation.swift"; sourceTree = "<group>"; };
/* End PBXFileReference section */

/* Begin PBXFrameworksBuildPhase section */
		DCD86AE4254EF0B5008F63CB /* Frameworks */ = {
			isa = PBXFrameworksBuildPhase;
			buildActionMask = 2147483647;
			files = (
				DCD86AEB254EF0B5008F63CB /* SwiftUI.framework in Frameworks */,
				DCD86AE9254EF0B5008F63CB /* WidgetKit.framework in Frameworks */,
			);
			runOnlyForDeploymentPostprocessing = 0;
		};
		DCE23A0024D3687D00053370 /* Frameworks */ = {
			isa = PBXFrameworksBuildPhase;
			buildActionMask = 2147483647;
			files = (
				DC9C0831252CD622001C0F94 /* TelemetryClient in Frameworks */,
			);
			runOnlyForDeploymentPostprocessing = 0;
		};
		DCE23A0824D3687D00053370 /* Frameworks */ = {
			isa = PBXFrameworksBuildPhase;
			buildActionMask = 2147483647;
			files = (
				DC9C0842252CEAC9001C0F94 /* TelemetryClient in Frameworks */,
			);
			runOnlyForDeploymentPostprocessing = 0;
		};
/* End PBXFrameworksBuildPhase section */

/* Begin PBXGroup section */
		DC53393E25222C0900D9C889 /* Insight Groups */ = {
			isa = PBXGroup;
			children = (
				DC53393F25222C2F00D9C889 /* InsightGroupList.swift */,
				DCB28D6B2550AF0B0032B9AD /* InsightsGrid.swift */,
				DC53394425222FC600D9C889 /* NewInsightGroupView.swift */,
				DC23286C2522725A00DB6145 /* InsightView.swift */,
				DCCD480B253D8A240098EC95 /* InsightNumberView.swift */,
				DC2328712522740900DB6145 /* InsightPieChartView.swift */,
				DC04C3DC252364C000483AF5 /* InsightLineChartView.swift */,
				DCCD4824253DB6840098EC95 /* OfferDefaultInsights.swift */,
			);
			path = "Insight Groups";
			sourceTree = "<group>";
		};
		DC591394252DF93F007360A9 /* Charts */ = {
			isa = PBXGroup;
			children = (
				DC04C3EA2523BD6300483AF5 /* LineChartView.swift */,
				DC591397252DF975007360A9 /* DonutChartView.swift */,
			);
			path = Charts;
			sourceTree = "<group>";
		};
		DC90D08925063A5700634B72 /* Settings */ = {
			isa = PBXGroup;
			children = (
				DC90D08A25063A6B00634B72 /* UserSettingsView.swift */,
				DC4F7DB925067C3000B54561 /* OrganizationSettingsView.swift */,
			);
			path = Settings;
			sourceTree = "<group>";
		};
		DC98AAB9250A672300FF26FD /* App Settings */ = {
			isa = PBXGroup;
			children = (
				DC98AAB6250A671900FF26FD /* AppSettingsView.swift */,
			);
			path = "App Settings";
			sourceTree = "<group>";
		};
		DC9C0840252CEAC9001C0F94 /* Frameworks */ = {
			isa = PBXGroup;
			children = (
				DCD86AE8254EF0B5008F63CB /* WidgetKit.framework */,
				DCD86AEA254EF0B5008F63CB /* SwiftUI.framework */,
			);
			name = Frameworks;
			sourceTree = "<group>";
		};
		DCB02B65250027C700304964 /* Models */ = {
			isa = PBXGroup;
			children = (
				DC45BAED24DFF895004E6392 /* Models.swift */,
				DCB02B7B25038F4600304964 /* APIRepresentative.swift */,
				DCB02B7E25038F5000304964 /* MockData.swift */,
				DC7C540B250FB0BA0027D6A5 /* JSONDecoder.swift */,
				DCFD9CCF252A344F002BD29F /* Publisher+Validation.swift */,
				DCCD4829253DBB490098EC95 /* DefaultInsightsCreator.swift */,
			);
			path = Models;
			sourceTree = "<group>";
		};
		DCB02B67250027E400304964 /* Signals */ = {
			isa = PBXGroup;
			children = (
				DC815F3B24E283640095A047 /* SignalList.swift */,
				DC45BB1B24E27F12004E6392 /* SignalView.swift */,
				DCDC6EF7253ECA7E0012D9A7 /* KeyValueView.swift */,
			);
			path = Signals;
			sourceTree = "<group>";
		};
		DCB02B692502764200304964 /* Login Register */ = {
			isa = PBXGroup;
			children = (
				DCA10F7A24DA722700A62C26 /* RegisterView.swift */,
				DCB02B712502781A00304964 /* LoginView.swift */,
			);
			path = "Login Register";
			sourceTree = "<group>";
		};
		DCB02B70250277C300304964 /* Generic Views */ = {
			isa = PBXGroup;
			children = (
				DCB28D7425517A4B0032B9AD /* ListItemView.swift */,
				DCB02B5C25001A2600304964 /* DashedCardView.swift */,
				DC5339352521CE6200D9C889 /* CardView.swift */,
				DCB02B6D250277A700304964 /* AdaptiveStack.swift */,
				DC591394252DF93F007360A9 /* Charts */,
				DC415C0D2531F6C300D8D0B1 /* Color.swift */,
				DCB28D7D25517EDD0032B9AD /* Helpers.swift */,
			);
			path = "Generic Views";
			sourceTree = "<group>";
		};
		DCB1A3C92549C936000C6575 /* Administration */ = {
			isa = PBXGroup;
			children = (
				DCB1A3CA2549C94D000C6575 /* BetaRequestsList.swift */,
			);
			path = Administration;
			sourceTree = "<group>";
		};
		DCD52C4E2541FFF0003F12C6 /* Helpers + Extensions */ = {
			isa = PBXGroup;
			children = (
				DCCD4818253D9E870098EC95 /* Formatter+ISO.swift */,
				DCDC6F0B253EEB9B0012D9A7 /* Optional+Bound.swift */,
				DCDC6F12253EECA90012D9A7 /* Numbers+Bound.swift */,
				DCD52C492541FFE3003F12C6 /* ColSpan.swift */,
			);
			path = "Helpers + Extensions";
			sourceTree = "<group>";
		};
		DCD86AEC254EF0B5008F63CB /* TelemetryWidget */ = {
			isa = PBXGroup;
			children = (
				DCD86AED254EF0B5008F63CB /* TelemetryWidget.swift */,
				DCB28D8C2551C3330032B9AD /* TelemetryWidget.intentdefinition */,
				DCD86AF0254EF0B6008F63CB /* Assets.xcassets */,
				DCD86AF2254EF0B6008F63CB /* Info.plist */,
			);
			path = TelemetryWidget;
			sourceTree = "<group>";
		};
		DCE239F624D3687C00053370 = {
			isa = PBXGroup;
			children = (
				DCE239FB24D3687C00053370 /* Shared */,
				DCE23A0524D3687D00053370 /* iOS */,
				DCE23A0C24D3687D00053370 /* macOS */,
				DCD86AEC254EF0B5008F63CB /* TelemetryWidget */,
				DCE23A0424D3687D00053370 /* Products */,
				DC9C0840252CEAC9001C0F94 /* Frameworks */,
			);
			sourceTree = "<group>";
		};
		DCE239FB24D3687C00053370 /* Shared */ = {
			isa = PBXGroup;
			children = (
				DCD52C4E2541FFF0003F12C6 /* Helpers + Extensions */,
				DCE239FC24D3687C00053370 /* Telemetry_ViewerApp.swift */,
				DCB02B752502809200304964 /* RootView.swift */,
				DC98AABB250BC30200FF26FD /* Telemetry.swift */,
				DCE239FE24D3687D00053370 /* Assets.xcassets */,
				DCB02B65250027C700304964 /* Models */,
				DC45BB1824E1F01F004E6392 /* SidebarView.swift */,
				DC4F7DBC25069C3200B54561 /* NewAppView.swift */,
				DCB02B70250277C300304964 /* Generic Views */,
				DCB02B692502764200304964 /* Login Register */,
				DC98AAB9250A672300FF26FD /* App Settings */,
				DCB1A3C92549C936000C6575 /* Administration */,
				DCF7CD3E254A068500BFA23B /* Lexicon */,
				DC53393E25222C0900D9C889 /* Insight Groups */,
				DCB02B67250027E400304964 /* Signals */,
				DC90D08925063A5700634B72 /* Settings */,
			);
			path = Shared;
			sourceTree = "<group>";
		};
		DCE23A0424D3687D00053370 /* Products */ = {
			isa = PBXGroup;
			children = (
				DCE23A0324D3687D00053370 /* Telemetry Viewer.app */,
				DCE23A0B24D3687D00053370 /* Telemetry Viewer.app */,
				DCD86AE7254EF0B5008F63CB /* TelemetryWidgetExtension.appex */,
			);
			name = Products;
			sourceTree = "<group>";
		};
		DCE23A0524D3687D00053370 /* iOS */ = {
			isa = PBXGroup;
			children = (
				DC39F24D253C469100A7C325 /* CreateOrUpdateInsightForm.swift */,
				DCDC6EFE253EDA4C0012D9A7 /* FilterEditView.swift */,
				DCB02B6A2502773D00304964 /* WelcomeView.swift */,
				DCB02B782503897D00304964 /* RegisterButtonView.swift */,
				DCE23A0624D3687D00053370 /* Info.plist */,
			);
			path = iOS;
			sourceTree = "<group>";
		};
		DCE23A0C24D3687D00053370 /* macOS */ = {
			isa = PBXGroup;
			children = (
				DC53394B2522620E00D9C889 /* CreateOrUpdateInsightForm.swift */,
				DCDC6F05253EE0620012D9A7 /* FilterEditView.swift */,
				DC340E5D2531C23800514FD6 /* InsightDetailView.swift */,
				DCD67BCE252DB40900A00C5B /* WelcomeView.swift */,
				DCD67BD4252DB6C900A00C5B /* RegisterButtonView.swift */,
				DCE23A0D24D3687D00053370 /* Info.plist */,
				DCE23A0E24D3687D00053370 /* macOS.entitlements */,
			);
			path = macOS;
			sourceTree = "<group>";
		};
		DCF7CD3E254A068500BFA23B /* Lexicon */ = {
			isa = PBXGroup;
			children = (
				DCF7CD3F254A08B900BFA23B /* LexiconView.swift */,
				DCF7CD46254A0DB300BFA23B /* LexiconItemView.swift */,
			);
			path = Lexicon;
			sourceTree = "<group>";
		};
/* End PBXGroup section */

/* Begin PBXNativeTarget section */
		DCD86AE6254EF0B5008F63CB /* TelemetryWidgetExtension */ = {
			isa = PBXNativeTarget;
			buildConfigurationList = DCD86AFB254EF0B6008F63CB /* Build configuration list for PBXNativeTarget "TelemetryWidgetExtension" */;
			buildPhases = (
				DCD86AE3254EF0B5008F63CB /* Sources */,
				DCD86AE4254EF0B5008F63CB /* Frameworks */,
				DCD86AE5254EF0B5008F63CB /* Resources */,
			);
			buildRules = (
			);
			dependencies = (
			);
			name = TelemetryWidgetExtension;
			productName = TelemetryWidgetExtension;
			productReference = DCD86AE7254EF0B5008F63CB /* TelemetryWidgetExtension.appex */;
			productType = "com.apple.product-type.app-extension";
		};
		DCE23A0224D3687D00053370 /* Telemetry Viewer (iOS) */ = {
			isa = PBXNativeTarget;
			buildConfigurationList = DCE23A1724D3687D00053370 /* Build configuration list for PBXNativeTarget "Telemetry Viewer (iOS)" */;
			buildPhases = (
				DCE239FF24D3687D00053370 /* Sources */,
				DCE23A0024D3687D00053370 /* Frameworks */,
				DCE23A0124D3687D00053370 /* Resources */,
				DCD86AF8254EF0B6008F63CB /* Embed App Extensions */,
			);
			buildRules = (
			);
			dependencies = (
				DCD86AF6254EF0B6008F63CB /* PBXTargetDependency */,
			);
			name = "Telemetry Viewer (iOS)";
			packageProductDependencies = (
				DC9C0830252CD622001C0F94 /* TelemetryClient */,
			);
			productName = "Telemetry Viewer (iOS)";
			productReference = DCE23A0324D3687D00053370 /* Telemetry Viewer.app */;
			productType = "com.apple.product-type.application";
		};
		DCE23A0A24D3687D00053370 /* Telemetry Viewer (macOS) */ = {
			isa = PBXNativeTarget;
			buildConfigurationList = DCE23A1A24D3687D00053370 /* Build configuration list for PBXNativeTarget "Telemetry Viewer (macOS)" */;
			buildPhases = (
				DCE23A0724D3687D00053370 /* Sources */,
				DCE23A0824D3687D00053370 /* Frameworks */,
				DCE23A0924D3687D00053370 /* Resources */,
			);
			buildRules = (
			);
			dependencies = (
			);
			name = "Telemetry Viewer (macOS)";
			packageProductDependencies = (
				DC9C0841252CEAC9001C0F94 /* TelemetryClient */,
			);
			productName = "Telemetry Viewer (macOS)";
			productReference = DCE23A0B24D3687D00053370 /* Telemetry Viewer.app */;
			productType = "com.apple.product-type.application";
		};
/* End PBXNativeTarget section */

/* Begin PBXProject section */
		DCE239F724D3687C00053370 /* Project object */ = {
			isa = PBXProject;
			attributes = {
				LastSwiftUpdateCheck = 1220;
				LastUpgradeCheck = 1200;
				TargetAttributes = {
					DCD86AE6254EF0B5008F63CB = {
						CreatedOnToolsVersion = 12.2;
					};
					DCE23A0224D3687D00053370 = {
						CreatedOnToolsVersion = 12.0;
					};
					DCE23A0A24D3687D00053370 = {
						CreatedOnToolsVersion = 12.0;
					};
				};
			};
			buildConfigurationList = DCE239FA24D3687C00053370 /* Build configuration list for PBXProject "Telemetry Viewer" */;
			compatibilityVersion = "Xcode 9.3";
			developmentRegion = en;
			hasScannedForEncodings = 0;
			knownRegions = (
				en,
				Base,
			);
			mainGroup = DCE239F624D3687C00053370;
			packageReferences = (
				DC9C082F252CD622001C0F94 /* XCRemoteSwiftPackageReference "SwiftClient" */,
			);
			productRefGroup = DCE23A0424D3687D00053370 /* Products */;
			projectDirPath = "";
			projectRoot = "";
			targets = (
				DCE23A0224D3687D00053370 /* Telemetry Viewer (iOS) */,
				DCE23A0A24D3687D00053370 /* Telemetry Viewer (macOS) */,
				DCD86AE6254EF0B5008F63CB /* TelemetryWidgetExtension */,
			);
		};
/* End PBXProject section */

/* Begin PBXResourcesBuildPhase section */
		DCD86AE5254EF0B5008F63CB /* Resources */ = {
			isa = PBXResourcesBuildPhase;
			buildActionMask = 2147483647;
			files = (
				DCD86AF1254EF0B6008F63CB /* Assets.xcassets in Resources */,
			);
			runOnlyForDeploymentPostprocessing = 0;
		};
		DCE23A0124D3687D00053370 /* Resources */ = {
			isa = PBXResourcesBuildPhase;
			buildActionMask = 2147483647;
			files = (
				DCE23A1324D3687D00053370 /* Assets.xcassets in Resources */,
			);
			runOnlyForDeploymentPostprocessing = 0;
		};
		DCE23A0924D3687D00053370 /* Resources */ = {
			isa = PBXResourcesBuildPhase;
			buildActionMask = 2147483647;
			files = (
				DCE23A1424D3687D00053370 /* Assets.xcassets in Resources */,
			);
			runOnlyForDeploymentPostprocessing = 0;
		};
/* End PBXResourcesBuildPhase section */

/* Begin PBXSourcesBuildPhase section */
		DCD86AE3254EF0B5008F63CB /* Sources */ = {
			isa = PBXSourcesBuildPhase;
			buildActionMask = 2147483647;
			files = (
				DCD86B0A254EF59B008F63CB /* InsightNumberView.swift in Sources */,
				DCD86AFF254EF456008F63CB /* Models.swift in Sources */,
				DCD86B03254EF470008F63CB /* MockData.swift in Sources */,
				DCB28D8A2551C3330032B9AD /* TelemetryWidget.intentdefinition in Sources */,
				DCD86AEE254EF0B5008F63CB /* TelemetryWidget.swift in Sources */,
			);
			runOnlyForDeploymentPostprocessing = 0;
		};
		DCE239FF24D3687D00053370 /* Sources */ = {
			isa = PBXSourcesBuildPhase;
			buildActionMask = 2147483647;
			files = (
				DC23286D2522725A00DB6145 /* InsightView.swift in Sources */,
				DCD52C4A2541FFE3003F12C6 /* ColSpan.swift in Sources */,
				DC90D08B25063A6B00634B72 /* UserSettingsView.swift in Sources */,
				DC415C0E2531F6C300D8D0B1 /* Color.swift in Sources */,
				DC2328722522740900DB6145 /* InsightPieChartView.swift in Sources */,
				DCB02B722502781A00304964 /* LoginView.swift in Sources */,
				DC53394625222FC600D9C889 /* NewInsightGroupView.swift in Sources */,
				DC4F7DBA25067C3000B54561 /* OrganizationSettingsView.swift in Sources */,
				DC7C540C250FB0BA0027D6A5 /* JSONDecoder.swift in Sources */,
				DCA10F7B24DA722700A62C26 /* RegisterView.swift in Sources */,
				DCCD4825253DB6840098EC95 /* OfferDefaultInsights.swift in Sources */,
				DC45BB1924E1F01F004E6392 /* SidebarView.swift in Sources */,
				DCE23A0F24D3687D00053370 /* Telemetry_ViewerApp.swift in Sources */,
				DCF7CD40254A08B900BFA23B /* LexiconView.swift in Sources */,
				DCDC6EF8253ECA7E0012D9A7 /* KeyValueView.swift in Sources */,
				DCDC6F13253EECA90012D9A7 /* Numbers+Bound.swift in Sources */,
				DCB02B7F25038F5000304964 /* MockData.swift in Sources */,
				DCB02B762502809200304964 /* RootView.swift in Sources */,
				DCB28D7525517A4B0032B9AD /* ListItemView.swift in Sources */,
				DC5339372521CE6200D9C889 /* CardView.swift in Sources */,
				DC98AAB7250A671900FF26FD /* AppSettingsView.swift in Sources */,
				DC98AABC250BC30200FF26FD /* Telemetry.swift in Sources */,
				DCCD482A253DBB490098EC95 /* DefaultInsightsCreator.swift in Sources */,
				DCB02B6B2502773D00304964 /* WelcomeView.swift in Sources */,
				DCB28D7E25517EDD0032B9AD /* Helpers.swift in Sources */,
				DCB02B6E250277A700304964 /* AdaptiveStack.swift in Sources */,
				DC04C3EB2523BD6300483AF5 /* LineChartView.swift in Sources */,
				DC45BB1C24E27F12004E6392 /* SignalView.swift in Sources */,
				DC591398252DF975007360A9 /* DonutChartView.swift in Sources */,
				DC815F3C24E283640095A047 /* SignalList.swift in Sources */,
				DCB28D892551C3330032B9AD /* TelemetryWidget.intentdefinition in Sources */,
				DCCD4819253D9E870098EC95 /* Formatter+ISO.swift in Sources */,
				DCDC6F0C253EEB9B0012D9A7 /* Optional+Bound.swift in Sources */,
				DC53394025222C2F00D9C889 /* InsightGroupList.swift in Sources */,
				DCF7CD47254A0DB300BFA23B /* LexiconItemView.swift in Sources */,
				DC04C3DD252364C000483AF5 /* InsightLineChartView.swift in Sources */,
				DCB28D6C2550AF0B0032B9AD /* InsightsGrid.swift in Sources */,
				DCDC6EFF253EDA4C0012D9A7 /* FilterEditView.swift in Sources */,
				DCFD9CD0252A344F002BD29F /* Publisher+Validation.swift in Sources */,
				DC45BAEE24DFF895004E6392 /* Models.swift in Sources */,
				DCB02B5D25001A2600304964 /* DashedCardView.swift in Sources */,
				DCCD480C253D8A240098EC95 /* InsightNumberView.swift in Sources */,
				DCB1A3CB2549C94D000C6575 /* BetaRequestsList.swift in Sources */,
				DCB02B792503897D00304964 /* RegisterButtonView.swift in Sources */,
				DCB02B7C25038F4600304964 /* APIRepresentative.swift in Sources */,
				DC39F24E253C469100A7C325 /* CreateOrUpdateInsightForm.swift in Sources */,
				DC4F7DBD25069C3200B54561 /* NewAppView.swift in Sources */,
			);
			runOnlyForDeploymentPostprocessing = 0;
		};
		DCE23A0724D3687D00053370 /* Sources */ = {
			isa = PBXSourcesBuildPhase;
			buildActionMask = 2147483647;
			files = (
				DC23286E2522725A00DB6145 /* InsightView.swift in Sources */,
				DCD52C4B2541FFE3003F12C6 /* ColSpan.swift in Sources */,
				DC90D08C25063A6B00634B72 /* UserSettingsView.swift in Sources */,
				DC415C0F2531F6C300D8D0B1 /* Color.swift in Sources */,
				DC53394D2522620E00D9C889 /* CreateOrUpdateInsightForm.swift in Sources */,
				DC2328732522740900DB6145 /* InsightPieChartView.swift in Sources */,
				DCB02B732502781A00304964 /* LoginView.swift in Sources */,
				DC53394525222FC600D9C889 /* NewInsightGroupView.swift in Sources */,
				DC4F7DBB25067C3000B54561 /* OrganizationSettingsView.swift in Sources */,
				DC7C540D250FB0BA0027D6A5 /* JSONDecoder.swift in Sources */,
				DCCD4826253DB6840098EC95 /* OfferDefaultInsights.swift in Sources */,
				DC45BB1724DFFB19004E6392 /* RegisterView.swift in Sources */,
				DC45BB1A24E1F01F004E6392 /* SidebarView.swift in Sources */,
				DCF7CD43254A092100BFA23B /* LexiconView.swift in Sources */,
				DCDC6EF9253ECA7E0012D9A7 /* KeyValueView.swift in Sources */,
				DCDC6F14253EECA90012D9A7 /* Numbers+Bound.swift in Sources */,
				DCE23A1024D3687D00053370 /* Telemetry_ViewerApp.swift in Sources */,
				DCD67BD5252DB6CA00A00C5B /* RegisterButtonView.swift in Sources */,
				DCB28D7625517A4B0032B9AD /* ListItemView.swift in Sources */,
				DCB02B8025038F5000304964 /* MockData.swift in Sources */,
				DCB02B772502809200304964 /* RootView.swift in Sources */,
				DC5339362521CE6200D9C889 /* CardView.swift in Sources */,
				DCCD482B253DBB490098EC95 /* DefaultInsightsCreator.swift in Sources */,
				DCD67BCF252DB40B00A00C5B /* WelcomeView.swift in Sources */,
				DCB28D7F25517EDD0032B9AD /* Helpers.swift in Sources */,
				DC98AAB8250A671900FF26FD /* AppSettingsView.swift in Sources */,
				DC98AABD250BC30200FF26FD /* Telemetry.swift in Sources */,
				DCB02B6F250277A700304964 /* AdaptiveStack.swift in Sources */,
				DC45BB1D24E27F12004E6392 /* SignalView.swift in Sources */,
				DC591399252DF975007360A9 /* DonutChartView.swift in Sources */,
				DC04C3EC2523BD6300483AF5 /* LineChartView.swift in Sources */,
				DCCD481A253D9E870098EC95 /* Formatter+ISO.swift in Sources */,
				DCDC6F0D253EEB9B0012D9A7 /* Optional+Bound.swift in Sources */,
				DC340E602531C23800514FD6 /* InsightDetailView.swift in Sources */,
				DCF7CD48254A0DB300BFA23B /* LexiconItemView.swift in Sources */,
				DC815F3D24E283640095A047 /* SignalList.swift in Sources */,
				DCB28D6D2550AF0B0032B9AD /* InsightsGrid.swift in Sources */,
				DCDC6F06253EE0620012D9A7 /* FilterEditView.swift in Sources */,
				DC53394125222C2F00D9C889 /* InsightGroupList.swift in Sources */,
				DC04C3DE252364C000483AF5 /* InsightLineChartView.swift in Sources */,
				DCFD9CD1252A344F002BD29F /* Publisher+Validation.swift in Sources */,
				DC45BAEF24DFF895004E6392 /* Models.swift in Sources */,
				DCB1A3CC2549C94D000C6575 /* BetaRequestsList.swift in Sources */,
				DCCD480D253D8A240098EC95 /* InsightNumberView.swift in Sources */,
				DCB02B5E25001A2600304964 /* DashedCardView.swift in Sources */,
				DCB02B7D25038F4600304964 /* APIRepresentative.swift in Sources */,
				DC4F7DBE25069C3200B54561 /* NewAppView.swift in Sources */,
			);
			runOnlyForDeploymentPostprocessing = 0;
		};
/* End PBXSourcesBuildPhase section */

/* Begin PBXTargetDependency section */
		DCD86AF6254EF0B6008F63CB /* PBXTargetDependency */ = {
			isa = PBXTargetDependency;
			target = DCD86AE6254EF0B5008F63CB /* TelemetryWidgetExtension */;
			targetProxy = DCD86AF5254EF0B6008F63CB /* PBXContainerItemProxy */;
		};
/* End PBXTargetDependency section */

/* Begin PBXVariantGroup section */
		DCB28D8C2551C3330032B9AD /* TelemetryWidget.intentdefinition */ = {
			isa = PBXVariantGroup;
			children = (
				DCB28D8B2551C3330032B9AD /* Base */,
				DCB28D912551C3420032B9AD /* en */,
			);
			name = TelemetryWidget.intentdefinition;
			sourceTree = "<group>";
		};
/* End PBXVariantGroup section */

/* Begin XCBuildConfiguration section */
		DCD86AF9254EF0B6008F63CB /* Debug */ = {
			isa = XCBuildConfiguration;
			buildSettings = {
				ASSETCATALOG_COMPILER_GLOBAL_ACCENT_COLOR_NAME = AccentColor;
				ASSETCATALOG_COMPILER_WIDGET_BACKGROUND_COLOR_NAME = WidgetBackground;
				CODE_SIGN_STYLE = Automatic;
				CURRENT_PROJECT_VERSION = 12;
				DEVELOPMENT_TEAM = FL4V655A94;
				INFOPLIST_FILE = TelemetryWidget/Info.plist;
				IPHONEOS_DEPLOYMENT_TARGET = 14.2;
				LD_RUNPATH_SEARCH_PATHS = (
					"$(inherited)",
					"@executable_path/Frameworks",
					"@executable_path/../../Frameworks",
				);
				PRODUCT_BUNDLE_IDENTIFIER = org.breakthesystem.telemetry.TelemetryWidget;
				PRODUCT_NAME = "$(TARGET_NAME)";
				SDKROOT = iphoneos;
				SKIP_INSTALL = YES;
				SWIFT_VERSION = 5.0;
				TARGETED_DEVICE_FAMILY = "1,2";
			};
			name = Debug;
		};
		DCD86AFA254EF0B6008F63CB /* Release */ = {
			isa = XCBuildConfiguration;
			buildSettings = {
				ASSETCATALOG_COMPILER_GLOBAL_ACCENT_COLOR_NAME = AccentColor;
				ASSETCATALOG_COMPILER_WIDGET_BACKGROUND_COLOR_NAME = WidgetBackground;
				CODE_SIGN_STYLE = Automatic;
				CURRENT_PROJECT_VERSION = 12;
				DEVELOPMENT_TEAM = FL4V655A94;
				INFOPLIST_FILE = TelemetryWidget/Info.plist;
				IPHONEOS_DEPLOYMENT_TARGET = 14.2;
				LD_RUNPATH_SEARCH_PATHS = (
					"$(inherited)",
					"@executable_path/Frameworks",
					"@executable_path/../../Frameworks",
				);
				PRODUCT_BUNDLE_IDENTIFIER = org.breakthesystem.telemetry.TelemetryWidget;
				PRODUCT_NAME = "$(TARGET_NAME)";
				SDKROOT = iphoneos;
				SKIP_INSTALL = YES;
				SWIFT_VERSION = 5.0;
				TARGETED_DEVICE_FAMILY = "1,2";
				VALIDATE_PRODUCT = YES;
			};
			name = Release;
		};
		DCE23A1524D3687D00053370 /* Debug */ = {
			isa = XCBuildConfiguration;
			buildSettings = {
				ALWAYS_SEARCH_USER_PATHS = NO;
				CLANG_ANALYZER_NONNULL = YES;
				CLANG_ANALYZER_NUMBER_OBJECT_CONVERSION = YES_AGGRESSIVE;
				CLANG_CXX_LANGUAGE_STANDARD = "gnu++14";
				CLANG_CXX_LIBRARY = "libc++";
				CLANG_ENABLE_MODULES = YES;
				CLANG_ENABLE_OBJC_ARC = YES;
				CLANG_ENABLE_OBJC_WEAK = YES;
				CLANG_WARN_BLOCK_CAPTURE_AUTORELEASING = YES;
				CLANG_WARN_BOOL_CONVERSION = YES;
				CLANG_WARN_COMMA = YES;
				CLANG_WARN_CONSTANT_CONVERSION = YES;
				CLANG_WARN_DEPRECATED_OBJC_IMPLEMENTATIONS = YES;
				CLANG_WARN_DIRECT_OBJC_ISA_USAGE = YES_ERROR;
				CLANG_WARN_DOCUMENTATION_COMMENTS = YES;
				CLANG_WARN_EMPTY_BODY = YES;
				CLANG_WARN_ENUM_CONVERSION = YES;
				CLANG_WARN_INFINITE_RECURSION = YES;
				CLANG_WARN_INT_CONVERSION = YES;
				CLANG_WARN_NON_LITERAL_NULL_CONVERSION = YES;
				CLANG_WARN_OBJC_IMPLICIT_RETAIN_SELF = YES;
				CLANG_WARN_OBJC_LITERAL_CONVERSION = YES;
				CLANG_WARN_OBJC_ROOT_CLASS = YES_ERROR;
				CLANG_WARN_QUOTED_INCLUDE_IN_FRAMEWORK_HEADER = YES;
				CLANG_WARN_RANGE_LOOP_ANALYSIS = YES;
				CLANG_WARN_STRICT_PROTOTYPES = YES;
				CLANG_WARN_SUSPICIOUS_MOVE = YES;
				CLANG_WARN_UNGUARDED_AVAILABILITY = YES_AGGRESSIVE;
				CLANG_WARN_UNREACHABLE_CODE = YES;
				CLANG_WARN__DUPLICATE_METHOD_MATCH = YES;
				COPY_PHASE_STRIP = NO;
				DEBUG_INFORMATION_FORMAT = dwarf;
				ENABLE_STRICT_OBJC_MSGSEND = YES;
				ENABLE_TESTABILITY = YES;
				GCC_C_LANGUAGE_STANDARD = gnu11;
				GCC_DYNAMIC_NO_PIC = NO;
				GCC_NO_COMMON_BLOCKS = YES;
				GCC_OPTIMIZATION_LEVEL = 0;
				GCC_PREPROCESSOR_DEFINITIONS = (
					"DEBUG=1",
					"$(inherited)",
				);
				GCC_WARN_64_TO_32_BIT_CONVERSION = YES;
				GCC_WARN_ABOUT_RETURN_TYPE = YES_ERROR;
				GCC_WARN_UNDECLARED_SELECTOR = YES;
				GCC_WARN_UNINITIALIZED_AUTOS = YES_AGGRESSIVE;
				GCC_WARN_UNUSED_FUNCTION = YES;
				GCC_WARN_UNUSED_VARIABLE = YES;
				MTL_ENABLE_DEBUG_INFO = INCLUDE_SOURCE;
				MTL_FAST_MATH = YES;
				ONLY_ACTIVE_ARCH = YES;
				SWIFT_ACTIVE_COMPILATION_CONDITIONS = DEBUG;
				SWIFT_OPTIMIZATION_LEVEL = "-Onone";
			};
			name = Debug;
		};
		DCE23A1624D3687D00053370 /* Release */ = {
			isa = XCBuildConfiguration;
			buildSettings = {
				ALWAYS_SEARCH_USER_PATHS = NO;
				CLANG_ANALYZER_NONNULL = YES;
				CLANG_ANALYZER_NUMBER_OBJECT_CONVERSION = YES_AGGRESSIVE;
				CLANG_CXX_LANGUAGE_STANDARD = "gnu++14";
				CLANG_CXX_LIBRARY = "libc++";
				CLANG_ENABLE_MODULES = YES;
				CLANG_ENABLE_OBJC_ARC = YES;
				CLANG_ENABLE_OBJC_WEAK = YES;
				CLANG_WARN_BLOCK_CAPTURE_AUTORELEASING = YES;
				CLANG_WARN_BOOL_CONVERSION = YES;
				CLANG_WARN_COMMA = YES;
				CLANG_WARN_CONSTANT_CONVERSION = YES;
				CLANG_WARN_DEPRECATED_OBJC_IMPLEMENTATIONS = YES;
				CLANG_WARN_DIRECT_OBJC_ISA_USAGE = YES_ERROR;
				CLANG_WARN_DOCUMENTATION_COMMENTS = YES;
				CLANG_WARN_EMPTY_BODY = YES;
				CLANG_WARN_ENUM_CONVERSION = YES;
				CLANG_WARN_INFINITE_RECURSION = YES;
				CLANG_WARN_INT_CONVERSION = YES;
				CLANG_WARN_NON_LITERAL_NULL_CONVERSION = YES;
				CLANG_WARN_OBJC_IMPLICIT_RETAIN_SELF = YES;
				CLANG_WARN_OBJC_LITERAL_CONVERSION = YES;
				CLANG_WARN_OBJC_ROOT_CLASS = YES_ERROR;
				CLANG_WARN_QUOTED_INCLUDE_IN_FRAMEWORK_HEADER = YES;
				CLANG_WARN_RANGE_LOOP_ANALYSIS = YES;
				CLANG_WARN_STRICT_PROTOTYPES = YES;
				CLANG_WARN_SUSPICIOUS_MOVE = YES;
				CLANG_WARN_UNGUARDED_AVAILABILITY = YES_AGGRESSIVE;
				CLANG_WARN_UNREACHABLE_CODE = YES;
				CLANG_WARN__DUPLICATE_METHOD_MATCH = YES;
				COPY_PHASE_STRIP = NO;
				DEBUG_INFORMATION_FORMAT = "dwarf-with-dsym";
				ENABLE_NS_ASSERTIONS = NO;
				ENABLE_STRICT_OBJC_MSGSEND = YES;
				GCC_C_LANGUAGE_STANDARD = gnu11;
				GCC_NO_COMMON_BLOCKS = YES;
				GCC_WARN_64_TO_32_BIT_CONVERSION = YES;
				GCC_WARN_ABOUT_RETURN_TYPE = YES_ERROR;
				GCC_WARN_UNDECLARED_SELECTOR = YES;
				GCC_WARN_UNINITIALIZED_AUTOS = YES_AGGRESSIVE;
				GCC_WARN_UNUSED_FUNCTION = YES;
				GCC_WARN_UNUSED_VARIABLE = YES;
				MTL_ENABLE_DEBUG_INFO = NO;
				MTL_FAST_MATH = YES;
				SWIFT_COMPILATION_MODE = wholemodule;
				SWIFT_OPTIMIZATION_LEVEL = "-O";
			};
			name = Release;
		};
		DCE23A1824D3687D00053370 /* Debug */ = {
			isa = XCBuildConfiguration;
			buildSettings = {
				ALWAYS_EMBED_SWIFT_STANDARD_LIBRARIES = YES;
				ASSETCATALOG_COMPILER_APPICON_NAME = AppIcon;
				ASSETCATALOG_COMPILER_GLOBAL_ACCENT_COLOR_NAME = AccentColor;
				CODE_SIGN_STYLE = Automatic;
				CURRENT_PROJECT_VERSION = 12;
				DEVELOPMENT_TEAM = FL4V655A94;
				ENABLE_PREVIEWS = YES;
				INFOPLIST_FILE = iOS/Info.plist;
				IPHONEOS_DEPLOYMENT_TARGET = 14.0;
				LD_RUNPATH_SEARCH_PATHS = (
					"$(inherited)",
					"@executable_path/Frameworks",
				);
				PRODUCT_BUNDLE_IDENTIFIER = org.breakthesystem.telemetry;
				PRODUCT_NAME = "Telemetry Viewer";
				SDKROOT = iphoneos;
				SWIFT_VERSION = 5.0;
				TARGETED_DEVICE_FAMILY = "1,2";
			};
			name = Debug;
		};
		DCE23A1924D3687D00053370 /* Release */ = {
			isa = XCBuildConfiguration;
			buildSettings = {
				ALWAYS_EMBED_SWIFT_STANDARD_LIBRARIES = YES;
				ASSETCATALOG_COMPILER_APPICON_NAME = AppIcon;
				ASSETCATALOG_COMPILER_GLOBAL_ACCENT_COLOR_NAME = AccentColor;
				CODE_SIGN_STYLE = Automatic;
				CURRENT_PROJECT_VERSION = 12;
				DEVELOPMENT_TEAM = FL4V655A94;
				ENABLE_PREVIEWS = YES;
				INFOPLIST_FILE = iOS/Info.plist;
				IPHONEOS_DEPLOYMENT_TARGET = 14.0;
				LD_RUNPATH_SEARCH_PATHS = (
					"$(inherited)",
					"@executable_path/Frameworks",
				);
				PRODUCT_BUNDLE_IDENTIFIER = org.breakthesystem.telemetry;
				PRODUCT_NAME = "Telemetry Viewer";
				SDKROOT = iphoneos;
				SWIFT_VERSION = 5.0;
				TARGETED_DEVICE_FAMILY = "1,2";
				VALIDATE_PRODUCT = YES;
			};
			name = Release;
		};
		DCE23A1B24D3687D00053370 /* Debug */ = {
			isa = XCBuildConfiguration;
			buildSettings = {
				ASSETCATALOG_COMPILER_APPICON_NAME = AppIcon;
				ASSETCATALOG_COMPILER_GLOBAL_ACCENT_COLOR_NAME = AccentColor;
				CODE_SIGN_ENTITLEMENTS = macOS/macOS.entitlements;
				CODE_SIGN_IDENTITY = "Apple Development";
				CODE_SIGN_STYLE = Automatic;
				COMBINE_HIDPI_IMAGES = YES;
				CURRENT_PROJECT_VERSION = 1m;
				DEVELOPMENT_TEAM = FL4V655A94;
				ENABLE_HARDENED_RUNTIME = YES;
				ENABLE_PREVIEWS = YES;
				INFOPLIST_FILE = macOS/Info.plist;
				LD_RUNPATH_SEARCH_PATHS = (
					"$(inherited)",
					"@executable_path/../Frameworks",
				);
				MACOSX_DEPLOYMENT_TARGET = 11.0;
				PRODUCT_BUNDLE_IDENTIFIER = org.breakthesystem.telemetry;
				PRODUCT_NAME = "Telemetry Viewer";
				SDKROOT = macosx;
				SWIFT_VERSION = 5.0;
			};
			name = Debug;
		};
		DCE23A1C24D3687D00053370 /* Release */ = {
			isa = XCBuildConfiguration;
			buildSettings = {
				ASSETCATALOG_COMPILER_APPICON_NAME = AppIcon;
				ASSETCATALOG_COMPILER_GLOBAL_ACCENT_COLOR_NAME = AccentColor;
				CODE_SIGN_ENTITLEMENTS = macOS/macOS.entitlements;
				CODE_SIGN_IDENTITY = "Apple Development";
				CODE_SIGN_STYLE = Automatic;
				COMBINE_HIDPI_IMAGES = YES;
				CURRENT_PROJECT_VERSION = 1m;
				DEVELOPMENT_TEAM = FL4V655A94;
				ENABLE_HARDENED_RUNTIME = YES;
				ENABLE_PREVIEWS = YES;
				INFOPLIST_FILE = macOS/Info.plist;
				LD_RUNPATH_SEARCH_PATHS = (
					"$(inherited)",
					"@executable_path/../Frameworks",
				);
				MACOSX_DEPLOYMENT_TARGET = 11.0;
				PRODUCT_BUNDLE_IDENTIFIER = org.breakthesystem.telemetry;
				PRODUCT_NAME = "Telemetry Viewer";
				SDKROOT = macosx;
				SWIFT_VERSION = 5.0;
			};
			name = Release;
		};
/* End XCBuildConfiguration section */

/* Begin XCConfigurationList section */
		DCD86AFB254EF0B6008F63CB /* Build configuration list for PBXNativeTarget "TelemetryWidgetExtension" */ = {
			isa = XCConfigurationList;
			buildConfigurations = (
				DCD86AF9254EF0B6008F63CB /* Debug */,
				DCD86AFA254EF0B6008F63CB /* Release */,
			);
			defaultConfigurationIsVisible = 0;
			defaultConfigurationName = Release;
		};
		DCE239FA24D3687C00053370 /* Build configuration list for PBXProject "Telemetry Viewer" */ = {
			isa = XCConfigurationList;
			buildConfigurations = (
				DCE23A1524D3687D00053370 /* Debug */,
				DCE23A1624D3687D00053370 /* Release */,
			);
			defaultConfigurationIsVisible = 0;
			defaultConfigurationName = Release;
		};
		DCE23A1724D3687D00053370 /* Build configuration list for PBXNativeTarget "Telemetry Viewer (iOS)" */ = {
			isa = XCConfigurationList;
			buildConfigurations = (
				DCE23A1824D3687D00053370 /* Debug */,
				DCE23A1924D3687D00053370 /* Release */,
			);
			defaultConfigurationIsVisible = 0;
			defaultConfigurationName = Release;
		};
		DCE23A1A24D3687D00053370 /* Build configuration list for PBXNativeTarget "Telemetry Viewer (macOS)" */ = {
			isa = XCConfigurationList;
			buildConfigurations = (
				DCE23A1B24D3687D00053370 /* Debug */,
				DCE23A1C24D3687D00053370 /* Release */,
			);
			defaultConfigurationIsVisible = 0;
			defaultConfigurationName = Release;
		};
/* End XCConfigurationList section */

/* Begin XCRemoteSwiftPackageReference section */
		DC9C082F252CD622001C0F94 /* XCRemoteSwiftPackageReference "SwiftClient" */ = {
			isa = XCRemoteSwiftPackageReference;
			repositoryURL = "https://github.com/AppTelemetry/SwiftClient";
			requirement = {
				kind = upToNextMajorVersion;
				minimumVersion = 1.0.6;
			};
		};
/* End XCRemoteSwiftPackageReference section */

/* Begin XCSwiftPackageProductDependency section */
		DC9C0830252CD622001C0F94 /* TelemetryClient */ = {
			isa = XCSwiftPackageProductDependency;
			package = DC9C082F252CD622001C0F94 /* XCRemoteSwiftPackageReference "SwiftClient" */;
			productName = TelemetryClient;
		};
		DC9C0841252CEAC9001C0F94 /* TelemetryClient */ = {
			isa = XCSwiftPackageProductDependency;
			package = DC9C082F252CD622001C0F94 /* XCRemoteSwiftPackageReference "SwiftClient" */;
			productName = TelemetryClient;
		};
/* End XCSwiftPackageProductDependency section */
	};
	rootObject = DCE239F724D3687C00053370 /* Project object */;
}
