{
  "object": {
    "pins": [
      {
        "package": "TelemetryClient",
        "repositoryURL": "https://github.com/AppTelemetry/SwiftClient",
        "state": {
          "branch": "main",
          "revision": "cb6ae8d04a04984e8215e3b0f3211879645fe9c9",
          "version": null
        }
      },
      {
        "package": "SwiftUI-Shimmer",
        "repositoryURL": "https://github.com/markiv/SwiftUI-Shimmer",
        "state": {
          "branch": null,
          "revision": "61411771350a5a4e96666a8a202ae4b2be327a2b",
          "version": "1.0.1"
        }
      }
    ]
  },
  "version": 1
}
