{
  "pins" : [
    {
      "identity" : "models",
      "kind" : "remoteSourceControl",
      "location" : "https://github.com/TelemetryDeck/models",
      "state" : {
        "revision" : "4cb1a6a75add87086b522019e64532c3a460daea",
        "version" : "1.9.0"
      }
    },
    {
      "identity" : "swiftclient",
      "kind" : "remoteSourceControl",
      "location" : "https://github.com/AppTelemetry/SwiftClient",
      "state" : {
        "revision" : "f87b6b069ee8d9ae7a500cebcf3a6059695c5025",
        "version" : "1.4.1"
      }
    },
    {
      "identity" : "swiftdateoperations",
      "kind" : "remoteSourceControl",
      "location" : "https://github.com/TelemetryDeck/SwiftDateOperations.git",
      "state" : {
        "revision" : "9baf08c95057688deffe1f14dfcc871ba2ef38d2",
        "version" : "1.0.3"
      }
    },
    {
      "identity" : "swiftui-shimmer",
      "kind" : "remoteSourceControl",
      "location" : "https://github.com/markiv/SwiftUI-Shimmer",
      "state" : {
        "revision" : "965a7cbcbf094cbcf22b9251a2323bdc3432e171",
        "version" : "1.1.0"
      }
    }
  ],
  "version" : 2
}
